
Microsoft Visual Studio Solution File, Format Version 12.00
# Visual Studio 2013
VisualStudioVersion = 12.0.21005.1
MinimumVisualStudioVersion = 10.0.40219.1
Project("{2150E333-8FDC-42A3-9474-1A3956D46DE8}") = "Source", "Source", "{5312F628-CA1D-4280-9C47-CCF101137464}"
EndProject
Project("{2150E333-8FDC-42A3-9474-1A3956D46DE8}") = "Tests", "Tests", "{6C73F644-CC21-4A21-AF10-16CECD13414B}"
EndProject
Project("{2150E333-8FDC-42A3-9474-1A3956D46DE8}") = "Extensions", "Extensions", "{B5B39C73-2913-4748-B40A-069343B73788}"
EndProject
Project("{2150E333-8FDC-42A3-9474-1A3956D46DE8}") = "Content", "Content", "{862C16E9-DF5E-4AF1-B72B-DB9214C9B885}"
EndProject
Project("{2150E333-8FDC-42A3-9474-1A3956D46DE8}") = "TemplateEngines", "TemplateEngines", "{87F80724-B566-4089-9511-C7703C28B2F4}"
EndProject
Project("{2150E333-8FDC-42A3-9474-1A3956D46DE8}") = "Caching", "Caching", "{726D07D4-5749-4ABA-AA8A-5448F02D77F7}"
EndProject
Project("{2150E333-8FDC-42A3-9474-1A3956D46DE8}") = "Providers", "Providers", "{1E1ED9B0-589E-4E13-BFFF-8B22E21ADFEE}"
EndProject
Project("{FAE04EC0-301F-11D3-BF4B-00C04F79EFBC}") = "Kooboo.CMS.Web", "Kooboo.CMS.Web\Kooboo.CMS.Web.csproj", "{C5803C24-EEEE-4A7E-8F2F-B0FB66287845}"
EndProject
Project("{FAE04EC0-301F-11D3-BF4B-00C04F79EFBC}") = "Kooboo.CMS.Content", "Kooboo.CMS.Content\Kooboo.CMS.Content\Kooboo.CMS.Content.csproj", "{C5A5186D-6F8E-4BB9-AF0E-74F0993B48DA}"
EndProject
Project("{FAE04EC0-301F-11D3-BF4B-00C04F79EFBC}") = "Kooboo.CMS.Content.Persistence.Sqlce", "Kooboo.CMS.Content\Kooboo.CMS.Content.Persistence.Sqlce\Kooboo.CMS.Content.Persistence.Sqlce.csproj", "{59542D3A-9B97-48E6-B6CD-019579E7E8F2}"
EndProject
Project("{FAE04EC0-301F-11D3-BF4B-00C04F79EFBC}") = "Kooboo.CMS.Content.Persistence.SqlServer", "Kooboo.CMS.Content\Kooboo.CMS.Content.Persistence.SqlServer\Kooboo.CMS.Content.Persistence.SqlServer.csproj", "{94D67EB4-F6C8-4C29-BA1D-1496C03F7EF6}"
EndProject
Project("{FAE04EC0-301F-11D3-BF4B-00C04F79EFBC}") = "Kooboo.CMS.Account", "Kooboo.CMS.Account\Kooboo.CMS.Account.csproj", "{61ED004C-9E20-4680-AF2B-0723FE7648BB}"
EndProject
Project("{FAE04EC0-301F-11D3-BF4B-00C04F79EFBC}") = "Kooboo.CMS.Sites.TemplateEngines.NVelocity", "Kooboo.CMS.SitesProviders\Kooboo.CMS.Sites.TemplateEngines.NVelocity\Kooboo.CMS.Sites.TemplateEngines.NVelocity.csproj", "{B874D42D-4532-45CB-BFE8-033680F42F6E}"
EndProject
Project("{FAE04EC0-301F-11D3-BF4B-00C04F79EFBC}") = "Kooboo.CMS.Sites.TemplateEngines.Razor", "Kooboo.CMS.SitesProviders\Kooboo.CMS.Sites.TemplateEngines.Razor\Kooboo.CMS.Sites.TemplateEngines.Razor.csproj", "{982CFB5C-93CA-4164-9502-FCEC338524A3}"
EndProject
Project("{FAE04EC0-301F-11D3-BF4B-00C04F79EFBC}") = "Kooboo.CMS.Sites.TemplateEngines.WebForm", "Kooboo.CMS.SitesProviders\Kooboo.CMS.Sites.TemplateEngines.WebForm\Kooboo.CMS.Sites.TemplateEngines.WebForm.csproj", "{EA358378-29FE-4FDE-BF25-3DBEBA4AD48D}"
EndProject
Project("{FAE04EC0-301F-11D3-BF4B-00C04F79EFBC}") = "Kooboo.CMS.Content.Persistence.MongoDB", "Kooboo.CMS.Content\Kooboo.CMS.Content.Persistence.MongoDB\Kooboo.CMS.Content.Persistence.MongoDB.csproj", "{1099E7A5-D54F-4C03-958F-BF835F6A8E96}"
EndProject
Project("{FAE04EC0-301F-11D3-BF4B-00C04F79EFBC}") = "Kooboo.CMS.Form", "Kooboo.CMS.Form\Kooboo.CMS.Form.csproj", "{C4F32215-EFAD-45C9-8276-6126681C3589}"
EndProject
Project("{FAE04EC0-301F-11D3-BF4B-00C04F79EFBC}") = "Kooboo.CMS.PluginTemplate", "Kooboo.CMS.PluginTemplate\Kooboo.CMS.PluginTemplate.csproj", "{8219FDF8-8606-4320-828B-FEF0EBD0C3A0}"
EndProject
Project("{FAE04EC0-301F-11D3-BF4B-00C04F79EFBC}") = "Kooboo.CMS.Search", "Kooboo.CMS.Search\Kooboo.CMS.Search.csproj", "{C7B73E67-D226-41CB-A86D-410276B265A1}"
EndProject
Project("{FAE04EC0-301F-11D3-BF4B-00C04F79EFBC}") = "Kooboo.CMS.ModuleArea", "Kooboo.CMS.ModuleArea\Kooboo.CMS.ModuleArea.csproj", "{D906BE0F-6E5D-4AE2-B259-DF72E5382157}"
EndProject
Project("{FAE04EC0-301F-11D3-BF4B-00C04F79EFBC}") = "Kooboo.CMS.Caching", "Kooboo.CMS.Caching\Kooboo.CMS.Caching.csproj", "{570CD9D3-75D2-468A-8245-45BDCA57432E}"
EndProject
Project("{FAE04EC0-301F-11D3-BF4B-00C04F79EFBC}") = "Kooboo.CMS.Caching.NotifyRemote", "Kooboo.CMS.Caching.NotifyRemote\Kooboo.CMS.Caching.NotifyRemote.csproj", "{406906F5-CC5C-4C06-A62C-6D7AFC1A4FAD}"
EndProject
Project("{FAE04EC0-301F-11D3-BF4B-00C04F79EFBC}") = "Kooboo.CMS.Content.Persistence.Mysql", "Kooboo.CMS.Content\Kooboo.CMS.Content.Persistence.Mysql\Kooboo.CMS.Content.Persistence.Mysql.csproj", "{F7196F5C-A9BD-4D38-8F07-E3992A98A1E7}"
EndProject
Project("{FAE04EC0-301F-11D3-BF4B-00C04F79EFBC}") = "Kooboo.CMS.Content.Persistence.AzureBlobService", "Kooboo.CMS.Content\Kooboo.CMS.Content.Persistence.AzureBlobService\Kooboo.CMS.Content.Persistence.AzureBlobService.csproj", "{0CFBFE16-8413-4D71-B876-7EA8448E3AEB}"
EndProject
Project("{FAE04EC0-301F-11D3-BF4B-00C04F79EFBC}") = "Kooboo.CMS.Sites.Providers.AzureTable", "Kooboo.CMS.SitesProviders\Kooboo.CMS.Sites.Providers.AzureTable\Kooboo.CMS.Sites.Providers.AzureTable.csproj", "{86BADA5A-8965-4F82-94F4-270ACFAE77F3}"
EndProject
Project("{FAE04EC0-301F-11D3-BF4B-00C04F79EFBC}") = "Kooboo.CMS.Sites.Providers.SqlServer", "Kooboo.CMS.SitesProviders\Kooboo.CMS.Sites.Providers.SqlServer\Kooboo.CMS.Sites.Providers.SqlServer.csproj", "{80046D04-4DE9-4419-99BB-B2F467B0FA22}"
EndProject
Project("{FAE04EC0-301F-11D3-BF4B-00C04F79EFBC}") = "Kooboo.CMS.Content.FileServer.Interfaces", "Kooboo.CMS.Content\Kooboo.CMS.Content.FileServer.Interfaces\Kooboo.CMS.Content.FileServer.Interfaces.csproj", "{AF3A1665-74B6-4A34-A795-64A1914AF749}"
EndProject
Project("{FAE04EC0-301F-11D3-BF4B-00C04F79EFBC}") = "Kooboo.CMS.Content.Persistence.FileServerProvider", "Kooboo.CMS.Content\Kooboo.CMS.Content.Persistence.FileServerProvider\Kooboo.CMS.Content.Persistence.FileServerProvider.csproj", "{5DB8FCB2-6F8C-4199-AB8A-84AEEADEEF6E}"
EndProject
Project("{FAE04EC0-301F-11D3-BF4B-00C04F79EFBC}") = "Kooboo.CMS.Caching.AzureSync", "Kooboo.CMS.Caching.AzureSync\Kooboo.CMS.Caching.AzureSync.csproj", "{9A684F96-625B-44B7-A1F6-F3E9114591B3}"
EndProject
Project("{FAE04EC0-301F-11D3-BF4B-00C04F79EFBC}") = "Kooboo.CMS.Sites", "Kooboo.CMS.Sites\Kooboo.CMS.Sites.csproj", "{FFD8E9F0-61B6-4B0D-A803-5BECCD2A6578}"
EndProject
Project("{FAE04EC0-301F-11D3-BF4B-00C04F79EFBC}") = "Kooboo.CMS.Common", "Kooboo.CMS.Common\Kooboo.CMS.Common.csproj", "{AB6DDE14-EEB6-4497-80A0-D148A0A692B5}"
EndProject
Project("{FAE04EC0-301F-11D3-BF4B-00C04F79EFBC}") = "Kooboo.CMS.Common.Runtime.Dependency.Ninject", "Kooboo.CMS.Common.Runtime.Dependency.Ninject\Kooboo.CMS.Common.Runtime.Dependency.Ninject.csproj", "{94A4A4BA-F5EB-44CB-9CD3-B240B80CE686}"
EndProject
Project("{FAE04EC0-301F-11D3-BF4B-00C04F79EFBC}") = "Kooboo.CMS.Sites.Persistence.EntityFramework", "Kooboo.CMS.SitesProviders\Kooboo.CMS.Sites.Persistence.EntityFramework\Kooboo.CMS.Sites.Persistence.EntityFramework.csproj", "{3245DC7D-2A38-4365-AAE6-99920136E41E}"
EndProject
Project("{FAE04EC0-301F-11D3-BF4B-00C04F79EFBC}") = "Kooboo.CMS.Account.Persistence.EntityFramework", "Kooboo.CMS.Account.Persistence.EntityFramework\Kooboo.CMS.Account.Persistence.EntityFramework.csproj", "{CCDA69D1-D0A7-49F1-BA97-940F1C291643}"
EndProject
Project("{FAE04EC0-301F-11D3-BF4B-00C04F79EFBC}") = "Kooboo", "Kooboo\Kooboo.csproj", "{347E47E5-3132-4BAD-B935-8282A2B16CF5}"
EndProject
Project("{FAE04EC0-301F-11D3-BF4B-00C04F79EFBC}") = "Kooboo.CMS.Membership", "Kooboo.CMS.Membership\Kooboo.CMS.Membership.csproj", "{3DF23643-4BD1-4564-82B9-9EC594AD05B6}"
EndProject
Project("{FAE04EC0-301F-11D3-BF4B-00C04F79EFBC}") = "Kooboo.CMS.Membership.Persistence.EntityFramework", "Kooboo.CMS.Membership.Persistence.EntityFramework\Kooboo.CMS.Membership.Persistence.EntityFramework.csproj", "{6114E7DA-867C-44CB-8B7F-EBE326A98898}"
EndProject
Project("{FAE04EC0-301F-11D3-BF4B-00C04F79EFBC}") = "Kooboo.CMS.ExtensionTemplate", "Kooboo.CMS.ExtensionTemplate\Kooboo.CMS.ExtensionTemplate.csproj", "{1C6A93AA-8179-45C0-98C8-99352CF017D0}"
EndProject
Project("{FAE04EC0-301F-11D3-BF4B-00C04F79EFBC}") = "Kooboo.CMS.Content.Persistence.Couchbase", "Kooboo.CMS.Content\Kooboo.CMS.Content.Persistence.Couchbase\Kooboo.CMS.Content.Persistence.Couchbase.csproj", "{871077FD-3296-480E-B9E1-C6D52D925B85}"
EndProject
Project("{FAE04EC0-301F-11D3-BF4B-00C04F79EFBC}") = "Kooboo.CMS.Sites.Persistence.Couchbase", "Kooboo.CMS.SitesProviders\Kooboo.CMS.Sites.Persistence.Couchbase\Kooboo.CMS.Sites.Persistence.Couchbase.csproj", "{6245D610-99D9-4A00-8155-13EFDFACA194}"
EndProject
Global
	GlobalSection(SolutionConfigurationPlatforms) = preSolution
		Debug|Any CPU = Debug|Any CPU
		EmailValidator|Any CPU = EmailValidator|Any CPU
		Publish|Any CPU = Publish|Any CPU
		Release|Any CPU = Release|Any CPU
	EndGlobalSection
	GlobalSection(ProjectConfigurationPlatforms) = postSolution
		{C5803C24-EEEE-4A7E-8F2F-B0FB66287845}.Debug|Any CPU.ActiveCfg = Debug|Any CPU
		{C5803C24-EEEE-4A7E-8F2F-B0FB66287845}.Debug|Any CPU.Build.0 = Debug|Any CPU
		{C5803C24-EEEE-4A7E-8F2F-B0FB66287845}.EmailValidator|Any CPU.ActiveCfg = Release|Any CPU
		{C5803C24-EEEE-4A7E-8F2F-B0FB66287845}.EmailValidator|Any CPU.Build.0 = Release|Any CPU
		{C5803C24-EEEE-4A7E-8F2F-B0FB66287845}.Publish|Any CPU.ActiveCfg = Release|Any CPU
		{C5803C24-EEEE-4A7E-8F2F-B0FB66287845}.Publish|Any CPU.Build.0 = Release|Any CPU
		{C5803C24-EEEE-4A7E-8F2F-B0FB66287845}.Release|Any CPU.ActiveCfg = Release|Any CPU
		{C5803C24-EEEE-4A7E-8F2F-B0FB66287845}.Release|Any CPU.Build.0 = Release|Any CPU
		{C5A5186D-6F8E-4BB9-AF0E-74F0993B48DA}.Debug|Any CPU.ActiveCfg = Debug|Any CPU
		{C5A5186D-6F8E-4BB9-AF0E-74F0993B48DA}.Debug|Any CPU.Build.0 = Debug|Any CPU
		{C5A5186D-6F8E-4BB9-AF0E-74F0993B48DA}.EmailValidator|Any CPU.ActiveCfg = Release|Any CPU
		{C5A5186D-6F8E-4BB9-AF0E-74F0993B48DA}.EmailValidator|Any CPU.Build.0 = Release|Any CPU
		{C5A5186D-6F8E-4BB9-AF0E-74F0993B48DA}.Publish|Any CPU.ActiveCfg = Release|Any CPU
		{C5A5186D-6F8E-4BB9-AF0E-74F0993B48DA}.Publish|Any CPU.Build.0 = Release|Any CPU
		{C5A5186D-6F8E-4BB9-AF0E-74F0993B48DA}.Release|Any CPU.ActiveCfg = Release|Any CPU
		{C5A5186D-6F8E-4BB9-AF0E-74F0993B48DA}.Release|Any CPU.Build.0 = Release|Any CPU
		{59542D3A-9B97-48E6-B6CD-019579E7E8F2}.Debug|Any CPU.ActiveCfg = Debug|Any CPU
		{59542D3A-9B97-48E6-B6CD-019579E7E8F2}.Debug|Any CPU.Build.0 = Debug|Any CPU
		{59542D3A-9B97-48E6-B6CD-019579E7E8F2}.EmailValidator|Any CPU.ActiveCfg = Release|Any CPU
		{59542D3A-9B97-48E6-B6CD-019579E7E8F2}.EmailValidator|Any CPU.Build.0 = Release|Any CPU
		{59542D3A-9B97-48E6-B6CD-019579E7E8F2}.Publish|Any CPU.ActiveCfg = Release|Any CPU
		{59542D3A-9B97-48E6-B6CD-019579E7E8F2}.Publish|Any CPU.Build.0 = Release|Any CPU
		{59542D3A-9B97-48E6-B6CD-019579E7E8F2}.Release|Any CPU.ActiveCfg = Release|Any CPU
		{59542D3A-9B97-48E6-B6CD-019579E7E8F2}.Release|Any CPU.Build.0 = Release|Any CPU
		{94D67EB4-F6C8-4C29-BA1D-1496C03F7EF6}.Debug|Any CPU.ActiveCfg = Debug|Any CPU
		{94D67EB4-F6C8-4C29-BA1D-1496C03F7EF6}.Debug|Any CPU.Build.0 = Debug|Any CPU
		{94D67EB4-F6C8-4C29-BA1D-1496C03F7EF6}.EmailValidator|Any CPU.ActiveCfg = Release|Any CPU
		{94D67EB4-F6C8-4C29-BA1D-1496C03F7EF6}.EmailValidator|Any CPU.Build.0 = Release|Any CPU
		{94D67EB4-F6C8-4C29-BA1D-1496C03F7EF6}.Publish|Any CPU.ActiveCfg = Release|Any CPU
		{94D67EB4-F6C8-4C29-BA1D-1496C03F7EF6}.Publish|Any CPU.Build.0 = Release|Any CPU
		{94D67EB4-F6C8-4C29-BA1D-1496C03F7EF6}.Release|Any CPU.ActiveCfg = Release|Any CPU
		{94D67EB4-F6C8-4C29-BA1D-1496C03F7EF6}.Release|Any CPU.Build.0 = Release|Any CPU
		{61ED004C-9E20-4680-AF2B-0723FE7648BB}.Debug|Any CPU.ActiveCfg = Debug|Any CPU
		{61ED004C-9E20-4680-AF2B-0723FE7648BB}.Debug|Any CPU.Build.0 = Debug|Any CPU
		{61ED004C-9E20-4680-AF2B-0723FE7648BB}.EmailValidator|Any CPU.ActiveCfg = Release|Any CPU
		{61ED004C-9E20-4680-AF2B-0723FE7648BB}.EmailValidator|Any CPU.Build.0 = Release|Any CPU
		{61ED004C-9E20-4680-AF2B-0723FE7648BB}.Publish|Any CPU.ActiveCfg = Release|Any CPU
		{61ED004C-9E20-4680-AF2B-0723FE7648BB}.Publish|Any CPU.Build.0 = Release|Any CPU
		{61ED004C-9E20-4680-AF2B-0723FE7648BB}.Release|Any CPU.ActiveCfg = Release|Any CPU
		{61ED004C-9E20-4680-AF2B-0723FE7648BB}.Release|Any CPU.Build.0 = Release|Any CPU
		{B874D42D-4532-45CB-BFE8-033680F42F6E}.Debug|Any CPU.ActiveCfg = Debug|Any CPU
		{B874D42D-4532-45CB-BFE8-033680F42F6E}.Debug|Any CPU.Build.0 = Debug|Any CPU
		{B874D42D-4532-45CB-BFE8-033680F42F6E}.EmailValidator|Any CPU.ActiveCfg = Release|Any CPU
		{B874D42D-4532-45CB-BFE8-033680F42F6E}.EmailValidator|Any CPU.Build.0 = Release|Any CPU
		{B874D42D-4532-45CB-BFE8-033680F42F6E}.Publish|Any CPU.ActiveCfg = Release|Any CPU
		{B874D42D-4532-45CB-BFE8-033680F42F6E}.Publish|Any CPU.Build.0 = Release|Any CPU
		{B874D42D-4532-45CB-BFE8-033680F42F6E}.Release|Any CPU.ActiveCfg = Release|Any CPU
		{B874D42D-4532-45CB-BFE8-033680F42F6E}.Release|Any CPU.Build.0 = Release|Any CPU
		{982CFB5C-93CA-4164-9502-FCEC338524A3}.Debug|Any CPU.ActiveCfg = Debug|Any CPU
		{982CFB5C-93CA-4164-9502-FCEC338524A3}.Debug|Any CPU.Build.0 = Debug|Any CPU
		{982CFB5C-93CA-4164-9502-FCEC338524A3}.EmailValidator|Any CPU.ActiveCfg = Release|Any CPU
		{982CFB5C-93CA-4164-9502-FCEC338524A3}.EmailValidator|Any CPU.Build.0 = Release|Any CPU
		{982CFB5C-93CA-4164-9502-FCEC338524A3}.Publish|Any CPU.ActiveCfg = Release|Any CPU
		{982CFB5C-93CA-4164-9502-FCEC338524A3}.Publish|Any CPU.Build.0 = Release|Any CPU
		{982CFB5C-93CA-4164-9502-FCEC338524A3}.Release|Any CPU.ActiveCfg = Release|Any CPU
		{982CFB5C-93CA-4164-9502-FCEC338524A3}.Release|Any CPU.Build.0 = Release|Any CPU
		{EA358378-29FE-4FDE-BF25-3DBEBA4AD48D}.Debug|Any CPU.ActiveCfg = Debug|Any CPU
		{EA358378-29FE-4FDE-BF25-3DBEBA4AD48D}.Debug|Any CPU.Build.0 = Debug|Any CPU
		{EA358378-29FE-4FDE-BF25-3DBEBA4AD48D}.EmailValidator|Any CPU.ActiveCfg = Release|Any CPU
		{EA358378-29FE-4FDE-BF25-3DBEBA4AD48D}.EmailValidator|Any CPU.Build.0 = Release|Any CPU
		{EA358378-29FE-4FDE-BF25-3DBEBA4AD48D}.Publish|Any CPU.ActiveCfg = Release|Any CPU
		{EA358378-29FE-4FDE-BF25-3DBEBA4AD48D}.Publish|Any CPU.Build.0 = Release|Any CPU
		{EA358378-29FE-4FDE-BF25-3DBEBA4AD48D}.Release|Any CPU.ActiveCfg = Release|Any CPU
		{EA358378-29FE-4FDE-BF25-3DBEBA4AD48D}.Release|Any CPU.Build.0 = Release|Any CPU
		{1099E7A5-D54F-4C03-958F-BF835F6A8E96}.Debug|Any CPU.ActiveCfg = Debug|Any CPU
		{1099E7A5-D54F-4C03-958F-BF835F6A8E96}.Debug|Any CPU.Build.0 = Debug|Any CPU
		{1099E7A5-D54F-4C03-958F-BF835F6A8E96}.EmailValidator|Any CPU.ActiveCfg = Release|Any CPU
		{1099E7A5-D54F-4C03-958F-BF835F6A8E96}.EmailValidator|Any CPU.Build.0 = Release|Any CPU
		{1099E7A5-D54F-4C03-958F-BF835F6A8E96}.Publish|Any CPU.ActiveCfg = Release|Any CPU
		{1099E7A5-D54F-4C03-958F-BF835F6A8E96}.Publish|Any CPU.Build.0 = Release|Any CPU
		{1099E7A5-D54F-4C03-958F-BF835F6A8E96}.Release|Any CPU.ActiveCfg = Release|Any CPU
		{1099E7A5-D54F-4C03-958F-BF835F6A8E96}.Release|Any CPU.Build.0 = Release|Any CPU
		{C4F32215-EFAD-45C9-8276-6126681C3589}.Debug|Any CPU.ActiveCfg = Debug|Any CPU
		{C4F32215-EFAD-45C9-8276-6126681C3589}.Debug|Any CPU.Build.0 = Debug|Any CPU
		{C4F32215-EFAD-45C9-8276-6126681C3589}.EmailValidator|Any CPU.ActiveCfg = Release|Any CPU
		{C4F32215-EFAD-45C9-8276-6126681C3589}.EmailValidator|Any CPU.Build.0 = Release|Any CPU
		{C4F32215-EFAD-45C9-8276-6126681C3589}.Publish|Any CPU.ActiveCfg = Release|Any CPU
		{C4F32215-EFAD-45C9-8276-6126681C3589}.Publish|Any CPU.Build.0 = Release|Any CPU
		{C4F32215-EFAD-45C9-8276-6126681C3589}.Release|Any CPU.ActiveCfg = Release|Any CPU
		{C4F32215-EFAD-45C9-8276-6126681C3589}.Release|Any CPU.Build.0 = Release|Any CPU
		{8219FDF8-8606-4320-828B-FEF0EBD0C3A0}.Debug|Any CPU.ActiveCfg = Debug|Any CPU
		{8219FDF8-8606-4320-828B-FEF0EBD0C3A0}.Debug|Any CPU.Build.0 = Debug|Any CPU
		{8219FDF8-8606-4320-828B-FEF0EBD0C3A0}.EmailValidator|Any CPU.ActiveCfg = Release|Any CPU
		{8219FDF8-8606-4320-828B-FEF0EBD0C3A0}.EmailValidator|Any CPU.Build.0 = Release|Any CPU
		{8219FDF8-8606-4320-828B-FEF0EBD0C3A0}.Publish|Any CPU.ActiveCfg = Release|Any CPU
		{8219FDF8-8606-4320-828B-FEF0EBD0C3A0}.Publish|Any CPU.Build.0 = Release|Any CPU
		{8219FDF8-8606-4320-828B-FEF0EBD0C3A0}.Release|Any CPU.ActiveCfg = Release|Any CPU
		{8219FDF8-8606-4320-828B-FEF0EBD0C3A0}.Release|Any CPU.Build.0 = Release|Any CPU
		{C7B73E67-D226-41CB-A86D-410276B265A1}.Debug|Any CPU.ActiveCfg = Debug|Any CPU
		{C7B73E67-D226-41CB-A86D-410276B265A1}.Debug|Any CPU.Build.0 = Debug|Any CPU
		{C7B73E67-D226-41CB-A86D-410276B265A1}.EmailValidator|Any CPU.ActiveCfg = Release|Any CPU
		{C7B73E67-D226-41CB-A86D-410276B265A1}.EmailValidator|Any CPU.Build.0 = Release|Any CPU
		{C7B73E67-D226-41CB-A86D-410276B265A1}.Publish|Any CPU.ActiveCfg = Release|Any CPU
		{C7B73E67-D226-41CB-A86D-410276B265A1}.Publish|Any CPU.Build.0 = Release|Any CPU
		{C7B73E67-D226-41CB-A86D-410276B265A1}.Release|Any CPU.ActiveCfg = Release|Any CPU
		{C7B73E67-D226-41CB-A86D-410276B265A1}.Release|Any CPU.Build.0 = Release|Any CPU
		{D906BE0F-6E5D-4AE2-B259-DF72E5382157}.Debug|Any CPU.ActiveCfg = Debug|Any CPU
		{D906BE0F-6E5D-4AE2-B259-DF72E5382157}.Debug|Any CPU.Build.0 = Debug|Any CPU
		{D906BE0F-6E5D-4AE2-B259-DF72E5382157}.EmailValidator|Any CPU.ActiveCfg = Release|Any CPU
		{D906BE0F-6E5D-4AE2-B259-DF72E5382157}.EmailValidator|Any CPU.Build.0 = Release|Any CPU
		{D906BE0F-6E5D-4AE2-B259-DF72E5382157}.Publish|Any CPU.ActiveCfg = Release|Any CPU
		{D906BE0F-6E5D-4AE2-B259-DF72E5382157}.Publish|Any CPU.Build.0 = Release|Any CPU
		{D906BE0F-6E5D-4AE2-B259-DF72E5382157}.Release|Any CPU.ActiveCfg = Release|Any CPU
		{D906BE0F-6E5D-4AE2-B259-DF72E5382157}.Release|Any CPU.Build.0 = Release|Any CPU
		{570CD9D3-75D2-468A-8245-45BDCA57432E}.Debug|Any CPU.ActiveCfg = Debug|Any CPU
		{570CD9D3-75D2-468A-8245-45BDCA57432E}.Debug|Any CPU.Build.0 = Debug|Any CPU
		{570CD9D3-75D2-468A-8245-45BDCA57432E}.EmailValidator|Any CPU.ActiveCfg = Release|Any CPU
		{570CD9D3-75D2-468A-8245-45BDCA57432E}.EmailValidator|Any CPU.Build.0 = Release|Any CPU
		{570CD9D3-75D2-468A-8245-45BDCA57432E}.Publish|Any CPU.ActiveCfg = Release|Any CPU
		{570CD9D3-75D2-468A-8245-45BDCA57432E}.Publish|Any CPU.Build.0 = Release|Any CPU
		{570CD9D3-75D2-468A-8245-45BDCA57432E}.Release|Any CPU.ActiveCfg = Release|Any CPU
		{570CD9D3-75D2-468A-8245-45BDCA57432E}.Release|Any CPU.Build.0 = Release|Any CPU
		{406906F5-CC5C-4C06-A62C-6D7AFC1A4FAD}.Debug|Any CPU.ActiveCfg = Debug|Any CPU
		{406906F5-CC5C-4C06-A62C-6D7AFC1A4FAD}.Debug|Any CPU.Build.0 = Debug|Any CPU
		{406906F5-CC5C-4C06-A62C-6D7AFC1A4FAD}.EmailValidator|Any CPU.ActiveCfg = Release|Any CPU
		{406906F5-CC5C-4C06-A62C-6D7AFC1A4FAD}.EmailValidator|Any CPU.Build.0 = Release|Any CPU
		{406906F5-CC5C-4C06-A62C-6D7AFC1A4FAD}.Publish|Any CPU.ActiveCfg = Release|Any CPU
		{406906F5-CC5C-4C06-A62C-6D7AFC1A4FAD}.Publish|Any CPU.Build.0 = Release|Any CPU
		{406906F5-CC5C-4C06-A62C-6D7AFC1A4FAD}.Release|Any CPU.ActiveCfg = Release|Any CPU
		{406906F5-CC5C-4C06-A62C-6D7AFC1A4FAD}.Release|Any CPU.Build.0 = Release|Any CPU
		{F7196F5C-A9BD-4D38-8F07-E3992A98A1E7}.Debug|Any CPU.ActiveCfg = Debug|Any CPU
		{F7196F5C-A9BD-4D38-8F07-E3992A98A1E7}.Debug|Any CPU.Build.0 = Debug|Any CPU
		{F7196F5C-A9BD-4D38-8F07-E3992A98A1E7}.EmailValidator|Any CPU.ActiveCfg = Release|Any CPU
		{F7196F5C-A9BD-4D38-8F07-E3992A98A1E7}.EmailValidator|Any CPU.Build.0 = Release|Any CPU
		{F7196F5C-A9BD-4D38-8F07-E3992A98A1E7}.Publish|Any CPU.ActiveCfg = Release|Any CPU
		{F7196F5C-A9BD-4D38-8F07-E3992A98A1E7}.Publish|Any CPU.Build.0 = Release|Any CPU
		{F7196F5C-A9BD-4D38-8F07-E3992A98A1E7}.Release|Any CPU.ActiveCfg = Release|Any CPU
		{F7196F5C-A9BD-4D38-8F07-E3992A98A1E7}.Release|Any CPU.Build.0 = Release|Any CPU
		{0CFBFE16-8413-4D71-B876-7EA8448E3AEB}.Debug|Any CPU.ActiveCfg = Debug|Any CPU
		{0CFBFE16-8413-4D71-B876-7EA8448E3AEB}.Debug|Any CPU.Build.0 = Debug|Any CPU
		{0CFBFE16-8413-4D71-B876-7EA8448E3AEB}.EmailValidator|Any CPU.ActiveCfg = Release|Any CPU
		{0CFBFE16-8413-4D71-B876-7EA8448E3AEB}.EmailValidator|Any CPU.Build.0 = Release|Any CPU
		{0CFBFE16-8413-4D71-B876-7EA8448E3AEB}.Publish|Any CPU.ActiveCfg = Release|Any CPU
		{0CFBFE16-8413-4D71-B876-7EA8448E3AEB}.Publish|Any CPU.Build.0 = Release|Any CPU
		{0CFBFE16-8413-4D71-B876-7EA8448E3AEB}.Release|Any CPU.ActiveCfg = Release|Any CPU
		{0CFBFE16-8413-4D71-B876-7EA8448E3AEB}.Release|Any CPU.Build.0 = Release|Any CPU
		{86BADA5A-8965-4F82-94F4-270ACFAE77F3}.Debug|Any CPU.ActiveCfg = Debug|Any CPU
		{86BADA5A-8965-4F82-94F4-270ACFAE77F3}.Debug|Any CPU.Build.0 = Debug|Any CPU
		{86BADA5A-8965-4F82-94F4-270ACFAE77F3}.EmailValidator|Any CPU.ActiveCfg = Release|Any CPU
		{86BADA5A-8965-4F82-94F4-270ACFAE77F3}.EmailValidator|Any CPU.Build.0 = Release|Any CPU
		{86BADA5A-8965-4F82-94F4-270ACFAE77F3}.Publish|Any CPU.ActiveCfg = Release|Any CPU
		{86BADA5A-8965-4F82-94F4-270ACFAE77F3}.Publish|Any CPU.Build.0 = Release|Any CPU
		{86BADA5A-8965-4F82-94F4-270ACFAE77F3}.Release|Any CPU.ActiveCfg = Release|Any CPU
		{86BADA5A-8965-4F82-94F4-270ACFAE77F3}.Release|Any CPU.Build.0 = Release|Any CPU
		{80046D04-4DE9-4419-99BB-B2F467B0FA22}.Debug|Any CPU.ActiveCfg = Debug|Any CPU
		{80046D04-4DE9-4419-99BB-B2F467B0FA22}.Debug|Any CPU.Build.0 = Debug|Any CPU
		{80046D04-4DE9-4419-99BB-B2F467B0FA22}.EmailValidator|Any CPU.ActiveCfg = Release|Any CPU
		{80046D04-4DE9-4419-99BB-B2F467B0FA22}.EmailValidator|Any CPU.Build.0 = Release|Any CPU
		{80046D04-4DE9-4419-99BB-B2F467B0FA22}.Publish|Any CPU.ActiveCfg = Release|Any CPU
		{80046D04-4DE9-4419-99BB-B2F467B0FA22}.Publish|Any CPU.Build.0 = Release|Any CPU
		{80046D04-4DE9-4419-99BB-B2F467B0FA22}.Release|Any CPU.ActiveCfg = Release|Any CPU
		{80046D04-4DE9-4419-99BB-B2F467B0FA22}.Release|Any CPU.Build.0 = Release|Any CPU
		{AF3A1665-74B6-4A34-A795-64A1914AF749}.Debug|Any CPU.ActiveCfg = Debug|Any CPU
		{AF3A1665-74B6-4A34-A795-64A1914AF749}.Debug|Any CPU.Build.0 = Debug|Any CPU
		{AF3A1665-74B6-4A34-A795-64A1914AF749}.EmailValidator|Any CPU.ActiveCfg = Release|Any CPU
		{AF3A1665-74B6-4A34-A795-64A1914AF749}.EmailValidator|Any CPU.Build.0 = Release|Any CPU
		{AF3A1665-74B6-4A34-A795-64A1914AF749}.Publish|Any CPU.ActiveCfg = Release|Any CPU
		{AF3A1665-74B6-4A34-A795-64A1914AF749}.Publish|Any CPU.Build.0 = Release|Any CPU
		{AF3A1665-74B6-4A34-A795-64A1914AF749}.Release|Any CPU.ActiveCfg = Release|Any CPU
		{AF3A1665-74B6-4A34-A795-64A1914AF749}.Release|Any CPU.Build.0 = Release|Any CPU
		{5DB8FCB2-6F8C-4199-AB8A-84AEEADEEF6E}.Debug|Any CPU.ActiveCfg = Debug|Any CPU
		{5DB8FCB2-6F8C-4199-AB8A-84AEEADEEF6E}.Debug|Any CPU.Build.0 = Debug|Any CPU
		{5DB8FCB2-6F8C-4199-AB8A-84AEEADEEF6E}.EmailValidator|Any CPU.ActiveCfg = Release|Any CPU
		{5DB8FCB2-6F8C-4199-AB8A-84AEEADEEF6E}.EmailValidator|Any CPU.Build.0 = Release|Any CPU
		{5DB8FCB2-6F8C-4199-AB8A-84AEEADEEF6E}.Publish|Any CPU.ActiveCfg = Release|Any CPU
		{5DB8FCB2-6F8C-4199-AB8A-84AEEADEEF6E}.Publish|Any CPU.Build.0 = Release|Any CPU
		{5DB8FCB2-6F8C-4199-AB8A-84AEEADEEF6E}.Release|Any CPU.ActiveCfg = Release|Any CPU
		{5DB8FCB2-6F8C-4199-AB8A-84AEEADEEF6E}.Release|Any CPU.Build.0 = Release|Any CPU
		{9A684F96-625B-44B7-A1F6-F3E9114591B3}.Debug|Any CPU.ActiveCfg = Debug|Any CPU
		{9A684F96-625B-44B7-A1F6-F3E9114591B3}.Debug|Any CPU.Build.0 = Debug|Any CPU
		{9A684F96-625B-44B7-A1F6-F3E9114591B3}.EmailValidator|Any CPU.ActiveCfg = Release|Any CPU
		{9A684F96-625B-44B7-A1F6-F3E9114591B3}.EmailValidator|Any CPU.Build.0 = Release|Any CPU
		{9A684F96-625B-44B7-A1F6-F3E9114591B3}.Publish|Any CPU.ActiveCfg = Release|Any CPU
		{9A684F96-625B-44B7-A1F6-F3E9114591B3}.Publish|Any CPU.Build.0 = Release|Any CPU
		{9A684F96-625B-44B7-A1F6-F3E9114591B3}.Release|Any CPU.ActiveCfg = Release|Any CPU
		{9A684F96-625B-44B7-A1F6-F3E9114591B3}.Release|Any CPU.Build.0 = Release|Any CPU
		{FFD8E9F0-61B6-4B0D-A803-5BECCD2A6578}.Debug|Any CPU.ActiveCfg = Debug|Any CPU
		{FFD8E9F0-61B6-4B0D-A803-5BECCD2A6578}.Debug|Any CPU.Build.0 = Debug|Any CPU
		{FFD8E9F0-61B6-4B0D-A803-5BECCD2A6578}.EmailValidator|Any CPU.ActiveCfg = Release|Any CPU
		{FFD8E9F0-61B6-4B0D-A803-5BECCD2A6578}.EmailValidator|Any CPU.Build.0 = Release|Any CPU
		{FFD8E9F0-61B6-4B0D-A803-5BECCD2A6578}.Publish|Any CPU.ActiveCfg = Release|Any CPU
		{FFD8E9F0-61B6-4B0D-A803-5BECCD2A6578}.Publish|Any CPU.Build.0 = Release|Any CPU
		{FFD8E9F0-61B6-4B0D-A803-5BECCD2A6578}.Release|Any CPU.ActiveCfg = Release|Any CPU
		{FFD8E9F0-61B6-4B0D-A803-5BECCD2A6578}.Release|Any CPU.Build.0 = Release|Any CPU
		{AB6DDE14-EEB6-4497-80A0-D148A0A692B5}.Debug|Any CPU.ActiveCfg = Debug|Any CPU
		{AB6DDE14-EEB6-4497-80A0-D148A0A692B5}.Debug|Any CPU.Build.0 = Debug|Any CPU
		{AB6DDE14-EEB6-4497-80A0-D148A0A692B5}.EmailValidator|Any CPU.ActiveCfg = Release|Any CPU
		{AB6DDE14-EEB6-4497-80A0-D148A0A692B5}.EmailValidator|Any CPU.Build.0 = Release|Any CPU
		{AB6DDE14-EEB6-4497-80A0-D148A0A692B5}.Publish|Any CPU.ActiveCfg = Release|Any CPU
		{AB6DDE14-EEB6-4497-80A0-D148A0A692B5}.Publish|Any CPU.Build.0 = Release|Any CPU
		{AB6DDE14-EEB6-4497-80A0-D148A0A692B5}.Release|Any CPU.ActiveCfg = Release|Any CPU
		{AB6DDE14-EEB6-4497-80A0-D148A0A692B5}.Release|Any CPU.Build.0 = Release|Any CPU
		{94A4A4BA-F5EB-44CB-9CD3-B240B80CE686}.Debug|Any CPU.ActiveCfg = Debug|Any CPU
		{94A4A4BA-F5EB-44CB-9CD3-B240B80CE686}.Debug|Any CPU.Build.0 = Debug|Any CPU
		{94A4A4BA-F5EB-44CB-9CD3-B240B80CE686}.EmailValidator|Any CPU.ActiveCfg = Release|Any CPU
		{94A4A4BA-F5EB-44CB-9CD3-B240B80CE686}.EmailValidator|Any CPU.Build.0 = Release|Any CPU
		{94A4A4BA-F5EB-44CB-9CD3-B240B80CE686}.Publish|Any CPU.ActiveCfg = Release|Any CPU
		{94A4A4BA-F5EB-44CB-9CD3-B240B80CE686}.Publish|Any CPU.Build.0 = Release|Any CPU
		{94A4A4BA-F5EB-44CB-9CD3-B240B80CE686}.Release|Any CPU.ActiveCfg = Release|Any CPU
		{94A4A4BA-F5EB-44CB-9CD3-B240B80CE686}.Release|Any CPU.Build.0 = Release|Any CPU
		{3245DC7D-2A38-4365-AAE6-99920136E41E}.Debug|Any CPU.ActiveCfg = Debug|Any CPU
		{3245DC7D-2A38-4365-AAE6-99920136E41E}.Debug|Any CPU.Build.0 = Debug|Any CPU
		{3245DC7D-2A38-4365-AAE6-99920136E41E}.EmailValidator|Any CPU.ActiveCfg = Release|Any CPU
		{3245DC7D-2A38-4365-AAE6-99920136E41E}.EmailValidator|Any CPU.Build.0 = Release|Any CPU
		{3245DC7D-2A38-4365-AAE6-99920136E41E}.Publish|Any CPU.ActiveCfg = Release|Any CPU
		{3245DC7D-2A38-4365-AAE6-99920136E41E}.Publish|Any CPU.Build.0 = Release|Any CPU
		{3245DC7D-2A38-4365-AAE6-99920136E41E}.Release|Any CPU.ActiveCfg = Release|Any CPU
		{3245DC7D-2A38-4365-AAE6-99920136E41E}.Release|Any CPU.Build.0 = Release|Any CPU
		{CCDA69D1-D0A7-49F1-BA97-940F1C291643}.Debug|Any CPU.ActiveCfg = Debug|Any CPU
		{CCDA69D1-D0A7-49F1-BA97-940F1C291643}.Debug|Any CPU.Build.0 = Debug|Any CPU
		{CCDA69D1-D0A7-49F1-BA97-940F1C291643}.EmailValidator|Any CPU.ActiveCfg = Release|Any CPU
		{CCDA69D1-D0A7-49F1-BA97-940F1C291643}.EmailValidator|Any CPU.Build.0 = Release|Any CPU
		{CCDA69D1-D0A7-49F1-BA97-940F1C291643}.Publish|Any CPU.ActiveCfg = Release|Any CPU
		{CCDA69D1-D0A7-49F1-BA97-940F1C291643}.Publish|Any CPU.Build.0 = Release|Any CPU
		{CCDA69D1-D0A7-49F1-BA97-940F1C291643}.Release|Any CPU.ActiveCfg = Release|Any CPU
		{CCDA69D1-D0A7-49F1-BA97-940F1C291643}.Release|Any CPU.Build.0 = Release|Any CPU
		{347E47E5-3132-4BAD-B935-8282A2B16CF5}.Debug|Any CPU.ActiveCfg = Debug|Any CPU
		{347E47E5-3132-4BAD-B935-8282A2B16CF5}.Debug|Any CPU.Build.0 = Debug|Any CPU
		{347E47E5-3132-4BAD-B935-8282A2B16CF5}.EmailValidator|Any CPU.ActiveCfg = EmailValidator|Any CPU
		{347E47E5-3132-4BAD-B935-8282A2B16CF5}.EmailValidator|Any CPU.Build.0 = EmailValidator|Any CPU
		{347E47E5-3132-4BAD-B935-8282A2B16CF5}.Publish|Any CPU.ActiveCfg = Publish|Any CPU
		{347E47E5-3132-4BAD-B935-8282A2B16CF5}.Publish|Any CPU.Build.0 = Publish|Any CPU
		{347E47E5-3132-4BAD-B935-8282A2B16CF5}.Release|Any CPU.ActiveCfg = Release|Any CPU
		{347E47E5-3132-4BAD-B935-8282A2B16CF5}.Release|Any CPU.Build.0 = Release|Any CPU
		{3DF23643-4BD1-4564-82B9-9EC594AD05B6}.Debug|Any CPU.ActiveCfg = Debug|Any CPU
		{3DF23643-4BD1-4564-82B9-9EC594AD05B6}.Debug|Any CPU.Build.0 = Debug|Any CPU
		{3DF23643-4BD1-4564-82B9-9EC594AD05B6}.EmailValidator|Any CPU.ActiveCfg = Release|Any CPU
		{3DF23643-4BD1-4564-82B9-9EC594AD05B6}.EmailValidator|Any CPU.Build.0 = Release|Any CPU
		{3DF23643-4BD1-4564-82B9-9EC594AD05B6}.Publish|Any CPU.ActiveCfg = Release|Any CPU
		{3DF23643-4BD1-4564-82B9-9EC594AD05B6}.Publish|Any CPU.Build.0 = Release|Any CPU
		{3DF23643-4BD1-4564-82B9-9EC594AD05B6}.Release|Any CPU.ActiveCfg = Release|Any CPU
		{3DF23643-4BD1-4564-82B9-9EC594AD05B6}.Release|Any CPU.Build.0 = Release|Any CPU
		{6114E7DA-867C-44CB-8B7F-EBE326A98898}.Debug|Any CPU.ActiveCfg = Debug|Any CPU
		{6114E7DA-867C-44CB-8B7F-EBE326A98898}.Debug|Any CPU.Build.0 = Debug|Any CPU
		{6114E7DA-867C-44CB-8B7F-EBE326A98898}.EmailValidator|Any CPU.ActiveCfg = Release|Any CPU
		{6114E7DA-867C-44CB-8B7F-EBE326A98898}.EmailValidator|Any CPU.Build.0 = Release|Any CPU
		{6114E7DA-867C-44CB-8B7F-EBE326A98898}.Publish|Any CPU.ActiveCfg = Release|Any CPU
		{6114E7DA-867C-44CB-8B7F-EBE326A98898}.Publish|Any CPU.Build.0 = Release|Any CPU
		{6114E7DA-867C-44CB-8B7F-EBE326A98898}.Release|Any CPU.ActiveCfg = Release|Any CPU
		{6114E7DA-867C-44CB-8B7F-EBE326A98898}.Release|Any CPU.Build.0 = Release|Any CPU
		{1C6A93AA-8179-45C0-98C8-99352CF017D0}.Debug|Any CPU.ActiveCfg = Debug|Any CPU
		{1C6A93AA-8179-45C0-98C8-99352CF017D0}.Debug|Any CPU.Build.0 = Debug|Any CPU
		{1C6A93AA-8179-45C0-98C8-99352CF017D0}.EmailValidator|Any CPU.ActiveCfg = Release|Any CPU
		{1C6A93AA-8179-45C0-98C8-99352CF017D0}.EmailValidator|Any CPU.Build.0 = Release|Any CPU
		{1C6A93AA-8179-45C0-98C8-99352CF017D0}.Publish|Any CPU.ActiveCfg = Release|Any CPU
		{1C6A93AA-8179-45C0-98C8-99352CF017D0}.Publish|Any CPU.Build.0 = Release|Any CPU
		{1C6A93AA-8179-45C0-98C8-99352CF017D0}.Release|Any CPU.ActiveCfg = Release|Any CPU
		{1C6A93AA-8179-45C0-98C8-99352CF017D0}.Release|Any CPU.Build.0 = Release|Any CPU
		{871077FD-3296-480E-B9E1-C6D52D925B85}.Debug|Any CPU.ActiveCfg = Debug|Any CPU
		{871077FD-3296-480E-B9E1-C6D52D925B85}.Debug|Any CPU.Build.0 = Debug|Any CPU
		{871077FD-3296-480E-B9E1-C6D52D925B85}.EmailValidator|Any CPU.ActiveCfg = Release|Any CPU
		{871077FD-3296-480E-B9E1-C6D52D925B85}.EmailValidator|Any CPU.Build.0 = Release|Any CPU
		{871077FD-3296-480E-B9E1-C6D52D925B85}.Publish|Any CPU.ActiveCfg = Release|Any CPU
		{871077FD-3296-480E-B9E1-C6D52D925B85}.Publish|Any CPU.Build.0 = Release|Any CPU
		{871077FD-3296-480E-B9E1-C6D52D925B85}.Release|Any CPU.ActiveCfg = Release|Any CPU
		{871077FD-3296-480E-B9E1-C6D52D925B85}.Release|Any CPU.Build.0 = Release|Any CPU
		{6245D610-99D9-4A00-8155-13EFDFACA194}.Debug|Any CPU.ActiveCfg = Debug|Any CPU
		{6245D610-99D9-4A00-8155-13EFDFACA194}.Debug|Any CPU.Build.0 = Debug|Any CPU
		{6245D610-99D9-4A00-8155-13EFDFACA194}.EmailValidator|Any CPU.ActiveCfg = Release|Any CPU
		{6245D610-99D9-4A00-8155-13EFDFACA194}.EmailValidator|Any CPU.Build.0 = Release|Any CPU
		{6245D610-99D9-4A00-8155-13EFDFACA194}.Publish|Any CPU.ActiveCfg = Release|Any CPU
		{6245D610-99D9-4A00-8155-13EFDFACA194}.Publish|Any CPU.Build.0 = Release|Any CPU
		{6245D610-99D9-4A00-8155-13EFDFACA194}.Release|Any CPU.ActiveCfg = Release|Any CPU
		{6245D610-99D9-4A00-8155-13EFDFACA194}.Release|Any CPU.Build.0 = Release|Any CPU
	EndGlobalSection
	GlobalSection(SolutionProperties) = preSolution
		HideSolutionNode = FALSE
	EndGlobalSection
	GlobalSection(NestedProjects) = preSolution
		{862C16E9-DF5E-4AF1-B72B-DB9214C9B885} = {5312F628-CA1D-4280-9C47-CCF101137464}
		{87F80724-B566-4089-9511-C7703C28B2F4} = {5312F628-CA1D-4280-9C47-CCF101137464}
		{726D07D4-5749-4ABA-AA8A-5448F02D77F7} = {5312F628-CA1D-4280-9C47-CCF101137464}
		{1E1ED9B0-589E-4E13-BFFF-8B22E21ADFEE} = {5312F628-CA1D-4280-9C47-CCF101137464}
		{C5803C24-EEEE-4A7E-8F2F-B0FB66287845} = {5312F628-CA1D-4280-9C47-CCF101137464}
		{61ED004C-9E20-4680-AF2B-0723FE7648BB} = {5312F628-CA1D-4280-9C47-CCF101137464}
		{C4F32215-EFAD-45C9-8276-6126681C3589} = {5312F628-CA1D-4280-9C47-CCF101137464}
		{C7B73E67-D226-41CB-A86D-410276B265A1} = {5312F628-CA1D-4280-9C47-CCF101137464}
		{FFD8E9F0-61B6-4B0D-A803-5BECCD2A6578} = {5312F628-CA1D-4280-9C47-CCF101137464}
		{AB6DDE14-EEB6-4497-80A0-D148A0A692B5} = {5312F628-CA1D-4280-9C47-CCF101137464}
		{94A4A4BA-F5EB-44CB-9CD3-B240B80CE686} = {5312F628-CA1D-4280-9C47-CCF101137464}
		{347E47E5-3132-4BAD-B935-8282A2B16CF5} = {5312F628-CA1D-4280-9C47-CCF101137464}
		{3DF23643-4BD1-4564-82B9-9EC594AD05B6} = {5312F628-CA1D-4280-9C47-CCF101137464}
		{8219FDF8-8606-4320-828B-FEF0EBD0C3A0} = {B5B39C73-2913-4748-B40A-069343B73788}
		{D906BE0F-6E5D-4AE2-B259-DF72E5382157} = {B5B39C73-2913-4748-B40A-069343B73788}
		{1C6A93AA-8179-45C0-98C8-99352CF017D0} = {B5B39C73-2913-4748-B40A-069343B73788}
		{C5A5186D-6F8E-4BB9-AF0E-74F0993B48DA} = {862C16E9-DF5E-4AF1-B72B-DB9214C9B885}
		{59542D3A-9B97-48E6-B6CD-019579E7E8F2} = {862C16E9-DF5E-4AF1-B72B-DB9214C9B885}
		{94D67EB4-F6C8-4C29-BA1D-1496C03F7EF6} = {862C16E9-DF5E-4AF1-B72B-DB9214C9B885}
		{1099E7A5-D54F-4C03-958F-BF835F6A8E96} = {862C16E9-DF5E-4AF1-B72B-DB9214C9B885}
		{F7196F5C-A9BD-4D38-8F07-E3992A98A1E7} = {862C16E9-DF5E-4AF1-B72B-DB9214C9B885}
		{0CFBFE16-8413-4D71-B876-7EA8448E3AEB} = {862C16E9-DF5E-4AF1-B72B-DB9214C9B885}
		{AF3A1665-74B6-4A34-A795-64A1914AF749} = {862C16E9-DF5E-4AF1-B72B-DB9214C9B885}
		{5DB8FCB2-6F8C-4199-AB8A-84AEEADEEF6E} = {862C16E9-DF5E-4AF1-B72B-DB9214C9B885}
		{871077FD-3296-480E-B9E1-C6D52D925B85} = {862C16E9-DF5E-4AF1-B72B-DB9214C9B885}
		{B874D42D-4532-45CB-BFE8-033680F42F6E} = {87F80724-B566-4089-9511-C7703C28B2F4}
		{982CFB5C-93CA-4164-9502-FCEC338524A3} = {87F80724-B566-4089-9511-C7703C28B2F4}
		{EA358378-29FE-4FDE-BF25-3DBEBA4AD48D} = {87F80724-B566-4089-9511-C7703C28B2F4}
		{570CD9D3-75D2-468A-8245-45BDCA57432E} = {726D07D4-5749-4ABA-AA8A-5448F02D77F7}
		{406906F5-CC5C-4C06-A62C-6D7AFC1A4FAD} = {726D07D4-5749-4ABA-AA8A-5448F02D77F7}
		{9A684F96-625B-44B7-A1F6-F3E9114591B3} = {726D07D4-5749-4ABA-AA8A-5448F02D77F7}
		{86BADA5A-8965-4F82-94F4-270ACFAE77F3} = {1E1ED9B0-589E-4E13-BFFF-8B22E21ADFEE}
		{80046D04-4DE9-4419-99BB-B2F467B0FA22} = {1E1ED9B0-589E-4E13-BFFF-8B22E21ADFEE}
		{3245DC7D-2A38-4365-AAE6-99920136E41E} = {1E1ED9B0-589E-4E13-BFFF-8B22E21ADFEE}
		{CCDA69D1-D0A7-49F1-BA97-940F1C291643} = {1E1ED9B0-589E-4E13-BFFF-8B22E21ADFEE}
		{6114E7DA-867C-44CB-8B7F-EBE326A98898} = {1E1ED9B0-589E-4E13-BFFF-8B22E21ADFEE}
		{6245D610-99D9-4A00-8155-13EFDFACA194} = {1E1ED9B0-589E-4E13-BFFF-8B22E21ADFEE}
	EndGlobalSection
EndGlobal
