
Microsoft Visual Studio Solution File, Format Version 12.00
# Visual Studio 2012
Project("{FAE04EC0-301F-11D3-BF4B-00C04F79EFBC}") = "Kooboo", "..\..\Kooboo\Kooboo.csproj", "{347E47E5-3132-4BAD-B935-8282A2B16CF5}"
EndProject
Project("{FAE04EC0-301F-11D3-BF4B-00C04F79EFBC}") = "Kooboo.CMS.Common", "..\Kooboo.CMS.Common\Kooboo.CMS.Common.csproj", "{AB6DDE14-EEB6-4497-80A0-D148A0A692B5}"
EndProject
Project("{FAE04EC0-301F-11D3-BF4B-00C04F79EFBC}") = "Kooboo.CMS.Sites", "..\Kooboo.CMS.Sites\Kooboo.CMS.Sites.csproj", "{FFD8E9F0-61B6-4B0D-A803-5BECCD2A6578}"
EndProject
Project("{2150E333-8FDC-42A3-9474-1A3956D46DE8}") = "Kooboo.CMS", "Kooboo.CMS", "{38CE8B4B-A154-4F58-941D-60BA76800533}"
EndProject
Project("{FAE04EC0-301F-11D3-BF4B-00C04F79EFBC}") = "Kooboo.CMS.eCommerce", "Kooboo.CMS.eCommerce\Kooboo.CMS.eCommerce.csproj", "{11B3D010-C342-42F5-8DDB-7904E343EC62}"
EndProject
Project("{FAE04EC0-301F-11D3-BF4B-00C04F79EFBC}") = "Kooboo.CMS.Form", "..\Kooboo.CMS.Form\Kooboo.CMS.Form.csproj", "{C4F32215-EFAD-45C9-8276-6126681C3589}"
EndProject
Project("{FAE04EC0-301F-11D3-BF4B-00C04F79EFBC}") = "Kooboo.eCommerce.NHibernate", "Kooboo.eCommerce.NHibernate\Kooboo.eCommerce.NHibernate.csproj", "{91575591-3A64-45A0-B31C-7DF3785C358B}"
EndProject
Project("{2150E333-8FDC-42A3-9474-1A3956D46DE8}") = "NHiberate", "NHiberate", "{A0A9183E-EDFD-48C7-95C9-A7433A6A3F3F}"
EndProject
Project("{FAE04EC0-301F-11D3-BF4B-00C04F79EFBC}") = "Kooboo.eCommerce.NHibernate.Tests", "Kooboo.eCommerce.NHibernate.Tests\Kooboo.eCommerce.NHibernate.Tests.csproj", "{EA749AA8-6AC1-4185-BFA6-3B1B59DF96CE}"
EndProject
Project("{FAE04EC0-301F-11D3-BF4B-00C04F79EFBC}") = "Kooboo.CMS.Web", "..\Kooboo.CMS.Web\Kooboo.CMS.Web.csproj", "{C5803C24-EEEE-4A7E-8F2F-B0FB66287845}"
EndProject
Project("{FAE04EC0-301F-11D3-BF4B-00C04F79EFBC}") = "Kooboo.CMS.Content", "..\Kooboo.CMS.Content\Kooboo.CMS.Content\Kooboo.CMS.Content.csproj", "{C5A5186D-6F8E-4BB9-AF0E-74F0993B48DA}"
EndProject
Project("{FAE04EC0-301F-11D3-BF4B-00C04F79EFBC}") = "Kooboo.CMS.Account", "..\Kooboo.CMS.Account\Kooboo.CMS.Account.csproj", "{61ED004C-9E20-4680-AF2B-0723FE7648BB}"
EndProject
Project("{FAE04EC0-301F-11D3-BF4B-00C04F79EFBC}") = "Kooboo.CMS.Caching", "..\Kooboo.CMS.Caching\Kooboo.CMS.Caching.csproj", "{570CD9D3-75D2-468A-8245-45BDCA57432E}"
EndProject
Project("{FAE04EC0-301F-11D3-BF4B-00C04F79EFBC}") = "Kooboo.Connect", "..\..\Kooboo.Connect\Kooboo.Connect.csproj", "{7389239B-564D-4398-87B7-99D9999ABECB}"
EndProject
Project("{FAE04EC0-301F-11D3-BF4B-00C04F79EFBC}") = "Kooboo.CMS.Search", "..\Kooboo.CMS.Search\Kooboo.CMS.Search.csproj", "{C7B73E67-D226-41CB-A86D-410276B265A1}"
EndProject
Project("{FAE04EC0-301F-11D3-BF4B-00C04F79EFBC}") = "Kooboo.CMS.eCommerce.Tests", "Kooboo.CMS.eCommerce.Tests\Kooboo.CMS.eCommerce.Tests.csproj", "{A15644CB-25F9-4155-8896-E6F99E030A6D}"
EndProject
Global
	GlobalSection(SolutionConfigurationPlatforms) = preSolution
		Debug|Any CPU = Debug|Any CPU
		EmailValidator|Any CPU = EmailValidator|Any CPU
		Publish|Any CPU = Publish|Any CPU
		Release|Any CPU = Release|Any CPU
	EndGlobalSection
	GlobalSection(ProjectConfigurationPlatforms) = postSolution
		{347E47E5-3132-4BAD-B935-8282A2B16CF5}.Debug|Any CPU.ActiveCfg = Debug|Any CPU
		{347E47E5-3132-4BAD-B935-8282A2B16CF5}.Debug|Any CPU.Build.0 = Debug|Any CPU
		{347E47E5-3132-4BAD-B935-8282A2B16CF5}.EmailValidator|Any CPU.ActiveCfg = EmailValidator|Any CPU
		{347E47E5-3132-4BAD-B935-8282A2B16CF5}.EmailValidator|Any CPU.Build.0 = EmailValidator|Any CPU
		{347E47E5-3132-4BAD-B935-8282A2B16CF5}.Publish|Any CPU.ActiveCfg = Publish|Any CPU
		{347E47E5-3132-4BAD-B935-8282A2B16CF5}.Publish|Any CPU.Build.0 = Publish|Any CPU
		{347E47E5-3132-4BAD-B935-8282A2B16CF5}.Release|Any CPU.ActiveCfg = Release|Any CPU
		{347E47E5-3132-4BAD-B935-8282A2B16CF5}.Release|Any CPU.Build.0 = Release|Any CPU
		{AB6DDE14-EEB6-4497-80A0-D148A0A692B5}.Debug|Any CPU.ActiveCfg = Debug|Any CPU
		{AB6DDE14-EEB6-4497-80A0-D148A0A692B5}.Debug|Any CPU.Build.0 = Debug|Any CPU
		{AB6DDE14-EEB6-4497-80A0-D148A0A692B5}.EmailValidator|Any CPU.ActiveCfg = Release|Any CPU
		{AB6DDE14-EEB6-4497-80A0-D148A0A692B5}.EmailValidator|Any CPU.Build.0 = Release|Any CPU
		{AB6DDE14-EEB6-4497-80A0-D148A0A692B5}.Publish|Any CPU.ActiveCfg = Release|Any CPU
		{AB6DDE14-EEB6-4497-80A0-D148A0A692B5}.Publish|Any CPU.Build.0 = Release|Any CPU
		{AB6DDE14-EEB6-4497-80A0-D148A0A692B5}.Release|Any CPU.ActiveCfg = Release|Any CPU
		{AB6DDE14-EEB6-4497-80A0-D148A0A692B5}.Release|Any CPU.Build.0 = Release|Any CPU
		{FFD8E9F0-61B6-4B0D-A803-5BECCD2A6578}.Debug|Any CPU.ActiveCfg = Debug|Any CPU
		{FFD8E9F0-61B6-4B0D-A803-5BECCD2A6578}.Debug|Any CPU.Build.0 = Debug|Any CPU
		{FFD8E9F0-61B6-4B0D-A803-5BECCD2A6578}.EmailValidator|Any CPU.ActiveCfg = Release|Any CPU
		{FFD8E9F0-61B6-4B0D-A803-5BECCD2A6578}.EmailValidator|Any CPU.Build.0 = Release|Any CPU
		{FFD8E9F0-61B6-4B0D-A803-5BECCD2A6578}.Publish|Any CPU.ActiveCfg = Release|Any CPU
		{FFD8E9F0-61B6-4B0D-A803-5BECCD2A6578}.Publish|Any CPU.Build.0 = Release|Any CPU
		{FFD8E9F0-61B6-4B0D-A803-5BECCD2A6578}.Release|Any CPU.ActiveCfg = Release|Any CPU
		{FFD8E9F0-61B6-4B0D-A803-5BECCD2A6578}.Release|Any CPU.Build.0 = Release|Any CPU
		{11B3D010-C342-42F5-8DDB-7904E343EC62}.Debug|Any CPU.ActiveCfg = Debug|Any CPU
		{11B3D010-C342-42F5-8DDB-7904E343EC62}.Debug|Any CPU.Build.0 = Debug|Any CPU
		{11B3D010-C342-42F5-8DDB-7904E343EC62}.EmailValidator|Any CPU.ActiveCfg = Release|Any CPU
		{11B3D010-C342-42F5-8DDB-7904E343EC62}.EmailValidator|Any CPU.Build.0 = Release|Any CPU
		{11B3D010-C342-42F5-8DDB-7904E343EC62}.Publish|Any CPU.ActiveCfg = Release|Any CPU
		{11B3D010-C342-42F5-8DDB-7904E343EC62}.Publish|Any CPU.Build.0 = Release|Any CPU
		{11B3D010-C342-42F5-8DDB-7904E343EC62}.Release|Any CPU.ActiveCfg = Release|Any CPU
		{11B3D010-C342-42F5-8DDB-7904E343EC62}.Release|Any CPU.Build.0 = Release|Any CPU
		{C4F32215-EFAD-45C9-8276-6126681C3589}.Debug|Any CPU.ActiveCfg = Debug|Any CPU
		{C4F32215-EFAD-45C9-8276-6126681C3589}.Debug|Any CPU.Build.0 = Debug|Any CPU
		{C4F32215-EFAD-45C9-8276-6126681C3589}.EmailValidator|Any CPU.ActiveCfg = Release|Any CPU
		{C4F32215-EFAD-45C9-8276-6126681C3589}.EmailValidator|Any CPU.Build.0 = Release|Any CPU
		{C4F32215-EFAD-45C9-8276-6126681C3589}.Publish|Any CPU.ActiveCfg = Release|Any CPU
		{C4F32215-EFAD-45C9-8276-6126681C3589}.Publish|Any CPU.Build.0 = Release|Any CPU
		{C4F32215-EFAD-45C9-8276-6126681C3589}.Release|Any CPU.ActiveCfg = Release|Any CPU
		{C4F32215-EFAD-45C9-8276-6126681C3589}.Release|Any CPU.Build.0 = Release|Any CPU
		{91575591-3A64-45A0-B31C-7DF3785C358B}.Debug|Any CPU.ActiveCfg = Debug|Any CPU
		{91575591-3A64-45A0-B31C-7DF3785C358B}.Debug|Any CPU.Build.0 = Debug|Any CPU
		{91575591-3A64-45A0-B31C-7DF3785C358B}.EmailValidator|Any CPU.ActiveCfg = Release|Any CPU
		{91575591-3A64-45A0-B31C-7DF3785C358B}.EmailValidator|Any CPU.Build.0 = Release|Any CPU
		{91575591-3A64-45A0-B31C-7DF3785C358B}.Publish|Any CPU.ActiveCfg = Release|Any CPU
		{91575591-3A64-45A0-B31C-7DF3785C358B}.Publish|Any CPU.Build.0 = Release|Any CPU
		{91575591-3A64-45A0-B31C-7DF3785C358B}.Release|Any CPU.ActiveCfg = Release|Any CPU
		{91575591-3A64-45A0-B31C-7DF3785C358B}.Release|Any CPU.Build.0 = Release|Any CPU
		{EA749AA8-6AC1-4185-BFA6-3B1B59DF96CE}.Debug|Any CPU.ActiveCfg = Debug|Any CPU
		{EA749AA8-6AC1-4185-BFA6-3B1B59DF96CE}.Debug|Any CPU.Build.0 = Debug|Any CPU
		{EA749AA8-6AC1-4185-BFA6-3B1B59DF96CE}.EmailValidator|Any CPU.ActiveCfg = Release|Any CPU
		{EA749AA8-6AC1-4185-BFA6-3B1B59DF96CE}.EmailValidator|Any CPU.Build.0 = Release|Any CPU
		{EA749AA8-6AC1-4185-BFA6-3B1B59DF96CE}.Publish|Any CPU.ActiveCfg = Release|Any CPU
		{EA749AA8-6AC1-4185-BFA6-3B1B59DF96CE}.Publish|Any CPU.Build.0 = Release|Any CPU
		{EA749AA8-6AC1-4185-BFA6-3B1B59DF96CE}.Release|Any CPU.ActiveCfg = Release|Any CPU
		{EA749AA8-6AC1-4185-BFA6-3B1B59DF96CE}.Release|Any CPU.Build.0 = Release|Any CPU
		{C5803C24-EEEE-4A7E-8F2F-B0FB66287845}.Debug|Any CPU.ActiveCfg = Debug|Any CPU
		{C5803C24-EEEE-4A7E-8F2F-B0FB66287845}.Debug|Any CPU.Build.0 = Debug|Any CPU
		{C5803C24-EEEE-4A7E-8F2F-B0FB66287845}.EmailValidator|Any CPU.ActiveCfg = Release|Any CPU
		{C5803C24-EEEE-4A7E-8F2F-B0FB66287845}.EmailValidator|Any CPU.Build.0 = Release|Any CPU
		{C5803C24-EEEE-4A7E-8F2F-B0FB66287845}.Publish|Any CPU.ActiveCfg = Release|Any CPU
		{C5803C24-EEEE-4A7E-8F2F-B0FB66287845}.Publish|Any CPU.Build.0 = Release|Any CPU
		{C5803C24-EEEE-4A7E-8F2F-B0FB66287845}.Release|Any CPU.ActiveCfg = Release|Any CPU
		{C5803C24-EEEE-4A7E-8F2F-B0FB66287845}.Release|Any CPU.Build.0 = Release|Any CPU
		{C5A5186D-6F8E-4BB9-AF0E-74F0993B48DA}.Debug|Any CPU.ActiveCfg = Debug|Any CPU
		{C5A5186D-6F8E-4BB9-AF0E-74F0993B48DA}.Debug|Any CPU.Build.0 = Debug|Any CPU
		{C5A5186D-6F8E-4BB9-AF0E-74F0993B48DA}.EmailValidator|Any CPU.ActiveCfg = Release|Any CPU
		{C5A5186D-6F8E-4BB9-AF0E-74F0993B48DA}.EmailValidator|Any CPU.Build.0 = Release|Any CPU
		{C5A5186D-6F8E-4BB9-AF0E-74F0993B48DA}.Publish|Any CPU.ActiveCfg = Release|Any CPU
		{C5A5186D-6F8E-4BB9-AF0E-74F0993B48DA}.Publish|Any CPU.Build.0 = Release|Any CPU
		{C5A5186D-6F8E-4BB9-AF0E-74F0993B48DA}.Release|Any CPU.ActiveCfg = Release|Any CPU
		{C5A5186D-6F8E-4BB9-AF0E-74F0993B48DA}.Release|Any CPU.Build.0 = Release|Any CPU
		{61ED004C-9E20-4680-AF2B-0723FE7648BB}.Debug|Any CPU.ActiveCfg = Debug|Any CPU
		{61ED004C-9E20-4680-AF2B-0723FE7648BB}.Debug|Any CPU.Build.0 = Debug|Any CPU
		{61ED004C-9E20-4680-AF2B-0723FE7648BB}.EmailValidator|Any CPU.ActiveCfg = Release|Any CPU
		{61ED004C-9E20-4680-AF2B-0723FE7648BB}.EmailValidator|Any CPU.Build.0 = Release|Any CPU
		{61ED004C-9E20-4680-AF2B-0723FE7648BB}.Publish|Any CPU.ActiveCfg = Release|Any CPU
		{61ED004C-9E20-4680-AF2B-0723FE7648BB}.Publish|Any CPU.Build.0 = Release|Any CPU
		{61ED004C-9E20-4680-AF2B-0723FE7648BB}.Release|Any CPU.ActiveCfg = Release|Any CPU
		{61ED004C-9E20-4680-AF2B-0723FE7648BB}.Release|Any CPU.Build.0 = Release|Any CPU
		{570CD9D3-75D2-468A-8245-45BDCA57432E}.Debug|Any CPU.ActiveCfg = Debug|Any CPU
		{570CD9D3-75D2-468A-8245-45BDCA57432E}.Debug|Any CPU.Build.0 = Debug|Any CPU
		{570CD9D3-75D2-468A-8245-45BDCA57432E}.EmailValidator|Any CPU.ActiveCfg = Release|Any CPU
		{570CD9D3-75D2-468A-8245-45BDCA57432E}.EmailValidator|Any CPU.Build.0 = Release|Any CPU
		{570CD9D3-75D2-468A-8245-45BDCA57432E}.Publish|Any CPU.ActiveCfg = Release|Any CPU
		{570CD9D3-75D2-468A-8245-45BDCA57432E}.Publish|Any CPU.Build.0 = Release|Any CPU
		{570CD9D3-75D2-468A-8245-45BDCA57432E}.Release|Any CPU.ActiveCfg = Release|Any CPU
		{570CD9D3-75D2-468A-8245-45BDCA57432E}.Release|Any CPU.Build.0 = Release|Any CPU
		{7389239B-564D-4398-87B7-99D9999ABECB}.Debug|Any CPU.ActiveCfg = Debug|Any CPU
		{7389239B-564D-4398-87B7-99D9999ABECB}.Debug|Any CPU.Build.0 = Debug|Any CPU
		{7389239B-564D-4398-87B7-99D9999ABECB}.EmailValidator|Any CPU.ActiveCfg = EmailValidator|Any CPU
		{7389239B-564D-4398-87B7-99D9999ABECB}.EmailValidator|Any CPU.Build.0 = EmailValidator|Any CPU
		{7389239B-564D-4398-87B7-99D9999ABECB}.Publish|Any CPU.ActiveCfg = EmailValidator|Any CPU
		{7389239B-564D-4398-87B7-99D9999ABECB}.Publish|Any CPU.Build.0 = EmailValidator|Any CPU
		{7389239B-564D-4398-87B7-99D9999ABECB}.Release|Any CPU.ActiveCfg = Release|Any CPU
		{7389239B-564D-4398-87B7-99D9999ABECB}.Release|Any CPU.Build.0 = Release|Any CPU
		{C7B73E67-D226-41CB-A86D-410276B265A1}.Debug|Any CPU.ActiveCfg = Debug|Any CPU
		{C7B73E67-D226-41CB-A86D-410276B265A1}.Debug|Any CPU.Build.0 = Debug|Any CPU
		{C7B73E67-D226-41CB-A86D-410276B265A1}.EmailValidator|Any CPU.ActiveCfg = Release|Any CPU
		{C7B73E67-D226-41CB-A86D-410276B265A1}.EmailValidator|Any CPU.Build.0 = Release|Any CPU
		{C7B73E67-D226-41CB-A86D-410276B265A1}.Publish|Any CPU.ActiveCfg = Release|Any CPU
		{C7B73E67-D226-41CB-A86D-410276B265A1}.Publish|Any CPU.Build.0 = Release|Any CPU
		{C7B73E67-D226-41CB-A86D-410276B265A1}.Release|Any CPU.ActiveCfg = Release|Any CPU
		{C7B73E67-D226-41CB-A86D-410276B265A1}.Release|Any CPU.Build.0 = Release|Any CPU
		{A15644CB-25F9-4155-8896-E6F99E030A6D}.Debug|Any CPU.ActiveCfg = Debug|Any CPU
		{A15644CB-25F9-4155-8896-E6F99E030A6D}.Debug|Any CPU.Build.0 = Debug|Any CPU
		{A15644CB-25F9-4155-8896-E6F99E030A6D}.EmailValidator|Any CPU.ActiveCfg = Release|Any CPU
		{A15644CB-25F9-4155-8896-E6F99E030A6D}.EmailValidator|Any CPU.Build.0 = Release|Any CPU
		{A15644CB-25F9-4155-8896-E6F99E030A6D}.Publish|Any CPU.ActiveCfg = Release|Any CPU
		{A15644CB-25F9-4155-8896-E6F99E030A6D}.Publish|Any CPU.Build.0 = Release|Any CPU
		{A15644CB-25F9-4155-8896-E6F99E030A6D}.Release|Any CPU.ActiveCfg = Release|Any CPU
		{A15644CB-25F9-4155-8896-E6F99E030A6D}.Release|Any CPU.Build.0 = Release|Any CPU
	EndGlobalSection
	GlobalSection(SolutionProperties) = preSolution
		HideSolutionNode = FALSE
	EndGlobalSection
	GlobalSection(NestedProjects) = preSolution
		{FFD8E9F0-61B6-4B0D-A803-5BECCD2A6578} = {38CE8B4B-A154-4F58-941D-60BA76800533}
		{347E47E5-3132-4BAD-B935-8282A2B16CF5} = {38CE8B4B-A154-4F58-941D-60BA76800533}
		{C4F32215-EFAD-45C9-8276-6126681C3589} = {38CE8B4B-A154-4F58-941D-60BA76800533}
		{C5A5186D-6F8E-4BB9-AF0E-74F0993B48DA} = {38CE8B4B-A154-4F58-941D-60BA76800533}
		{61ED004C-9E20-4680-AF2B-0723FE7648BB} = {38CE8B4B-A154-4F58-941D-60BA76800533}
		{570CD9D3-75D2-468A-8245-45BDCA57432E} = {38CE8B4B-A154-4F58-941D-60BA76800533}
		{7389239B-564D-4398-87B7-99D9999ABECB} = {38CE8B4B-A154-4F58-941D-60BA76800533}
		{C7B73E67-D226-41CB-A86D-410276B265A1} = {38CE8B4B-A154-4F58-941D-60BA76800533}
		{91575591-3A64-45A0-B31C-7DF3785C358B} = {A0A9183E-EDFD-48C7-95C9-A7433A6A3F3F}
		{EA749AA8-6AC1-4185-BFA6-3B1B59DF96CE} = {A0A9183E-EDFD-48C7-95C9-A7433A6A3F3F}
	EndGlobalSection
EndGlobal
