
Microsoft Visual Studio Solution File, Format Version 11.00
# Visual Studio 2010
Project("{FAE04EC0-301F-11D3-BF4B-00C04F79EFBC}") = "Kooboo.Connect", "Kooboo.Connect.csproj", "{7389239B-564D-4398-87B7-99D9999ABECB}"
EndProject
Project("{FAE04EC0-301F-11D3-BF4B-00C04F79EFBC}") = "Kooboo.Connect.Web", "Web\Kooboo.Connect.Web.csproj", "{620024F3-E79A-48CB-8800-C20BFF975462}"
EndProject
Global
	GlobalSection(SolutionConfigurationPlatforms) = preSolution
		Debug|Any CPU = Debug|Any CPU
		Release|Any CPU = Release|Any CPU
	EndGlobalSection
	GlobalSection(ProjectConfigurationPlatforms) = postSolution
		{7389239B-564D-4398-87B7-99D9999ABECB}.Debug|Any CPU.ActiveCfg = Debug|Any CPU
		{7389239B-564D-4398-87B7-99D9999ABECB}.Debug|Any CPU.Build.0 = Debug|Any CPU
		{7389239B-564D-4398-87B7-99D9999ABECB}.Release|Any CPU.ActiveCfg = Release|Any CPU
		{7389239B-564D-4398-87B7-99D9999ABECB}.Release|Any CPU.Build.0 = Release|Any CPU
		{620024F3-E79A-48CB-8800-C20BFF975462}.Debug|Any CPU.ActiveCfg = Debug|Any CPU
		{620024F3-E79A-48CB-8800-C20BFF975462}.Debug|Any CPU.Build.0 = Debug|Any CPU
		{620024F3-E79A-48CB-8800-C20BFF975462}.Release|Any CPU.ActiveCfg = Release|Any CPU
		{620024F3-E79A-48CB-8800-C20BFF975462}.Release|Any CPU.Build.0 = Release|Any CPU
	EndGlobalSection
	GlobalSection(SolutionProperties) = preSolution
		HideSolutionNode = FALSE
	EndGlobalSection
EndGlobal
