
Microsoft Visual Studio Solution File, Format Version 11.00
# Visual Studio 2010
Project("{2150E333-8FDC-42A3-9474-1A3956D46DE8}") = "Source", "Source", "{676AC07F-B942-4F7B-8E25-1F1F74F7AD42}"
EndProject
Project("{2150E333-8FDC-42A3-9474-1A3956D46DE8}") = "Kooboo", "Kooboo", "{4EAD8F3E-9D3C-4ABC-8FAE-471D24F28C4F}"
EndProject
Project("{FAE04EC0-301F-11D3-BF4B-00C04F79EFBC}") = "Kooboo", "..\..\Kooboo\Kooboo.csproj", "{347E47E5-3132-4BAD-B935-8282A2B16CF5}"
EndProject
Project("{FAE04EC0-301F-11D3-BF4B-00C04F79EFBC}") = "Kooboo.CMS.Content", "Kooboo.CMS.Content\Kooboo.CMS.Content.csproj", "{C5A5186D-6F8E-4BB9-AF0E-74F0993B48DA}"
EndProject
Project("{FAE04EC0-301F-11D3-BF4B-00C04F79EFBC}") = "Kooboo.Connect", "..\..\Kooboo.Connect\Kooboo.Connect.csproj", "{7389239B-564D-4398-87B7-99D9999ABECB}"
EndProject
Project("{FAE04EC0-301F-11D3-BF4B-00C04F79EFBC}") = "Kooboo.CMS.Form", "..\Kooboo.CMS.Form\Kooboo.CMS.Form.csproj", "{C4F32215-EFAD-45C9-8276-6126681C3589}"
EndProject
Project("{FAE04EC0-301F-11D3-BF4B-00C04F79EFBC}") = "Kooboo.CMS.Content.FileServer.Interfaces", "Kooboo.CMS.Content.FileServer.Interfaces\Kooboo.CMS.Content.FileServer.Interfaces.csproj", "{AF3A1665-74B6-4A34-A795-64A1914AF749}"
EndProject
Project("{2150E333-8FDC-42A3-9474-1A3956D46DE8}") = "FileServer", "FileServer", "{AE236D53-F634-41CC-A35A-B8E8B37B9640}"
EndProject
Project("{FAE04EC0-301F-11D3-BF4B-00C04F79EFBC}") = "Kooboo.CMS.Content.FileServer.Web", "Kooboo.CMS.Content.FileServer.Web\Kooboo.CMS.Content.FileServer.Web.csproj", "{B113D75F-6761-48AD-BCD3-A41C39E97339}"
EndProject
Global
	GlobalSection(TestCaseManagementSettings) = postSolution
		CategoryFile = Kooboo.CMS.Content.vsmdi
	EndGlobalSection
	GlobalSection(SolutionConfigurationPlatforms) = preSolution
		Debug|Any CPU = Debug|Any CPU
		Release|Any CPU = Release|Any CPU
	EndGlobalSection
	GlobalSection(ProjectConfigurationPlatforms) = postSolution
		{347E47E5-3132-4BAD-B935-8282A2B16CF5}.Debug|Any CPU.ActiveCfg = Debug|Any CPU
		{347E47E5-3132-4BAD-B935-8282A2B16CF5}.Debug|Any CPU.Build.0 = Debug|Any CPU
		{347E47E5-3132-4BAD-B935-8282A2B16CF5}.Release|Any CPU.ActiveCfg = Release|Any CPU
		{347E47E5-3132-4BAD-B935-8282A2B16CF5}.Release|Any CPU.Build.0 = Release|Any CPU
		{C5A5186D-6F8E-4BB9-AF0E-74F0993B48DA}.Debug|Any CPU.ActiveCfg = Debug|Any CPU
		{C5A5186D-6F8E-4BB9-AF0E-74F0993B48DA}.Debug|Any CPU.Build.0 = Debug|Any CPU
		{C5A5186D-6F8E-4BB9-AF0E-74F0993B48DA}.Release|Any CPU.ActiveCfg = Release|Any CPU
		{C5A5186D-6F8E-4BB9-AF0E-74F0993B48DA}.Release|Any CPU.Build.0 = Release|Any CPU
		{7389239B-564D-4398-87B7-99D9999ABECB}.Debug|Any CPU.ActiveCfg = Debug|Any CPU
		{7389239B-564D-4398-87B7-99D9999ABECB}.Debug|Any CPU.Build.0 = Debug|Any CPU
		{7389239B-564D-4398-87B7-99D9999ABECB}.Release|Any CPU.ActiveCfg = Release|Any CPU
		{7389239B-564D-4398-87B7-99D9999ABECB}.Release|Any CPU.Build.0 = Release|Any CPU
		{C4F32215-EFAD-45C9-8276-6126681C3589}.Debug|Any CPU.ActiveCfg = Debug|Any CPU
		{C4F32215-EFAD-45C9-8276-6126681C3589}.Debug|Any CPU.Build.0 = Debug|Any CPU
		{C4F32215-EFAD-45C9-8276-6126681C3589}.Release|Any CPU.ActiveCfg = Release|Any CPU
		{C4F32215-EFAD-45C9-8276-6126681C3589}.Release|Any CPU.Build.0 = Release|Any CPU
		{AF3A1665-74B6-4A34-A795-64A1914AF749}.Debug|Any CPU.ActiveCfg = Debug|Any CPU
		{AF3A1665-74B6-4A34-A795-64A1914AF749}.Debug|Any CPU.Build.0 = Debug|Any CPU
		{AF3A1665-74B6-4A34-A795-64A1914AF749}.Release|Any CPU.ActiveCfg = Release|Any CPU
		{AF3A1665-74B6-4A34-A795-64A1914AF749}.Release|Any CPU.Build.0 = Release|Any CPU
		{B113D75F-6761-48AD-BCD3-A41C39E97339}.Debug|Any CPU.ActiveCfg = Debug|Any CPU
		{B113D75F-6761-48AD-BCD3-A41C39E97339}.Debug|Any CPU.Build.0 = Debug|Any CPU
		{B113D75F-6761-48AD-BCD3-A41C39E97339}.Release|Any CPU.ActiveCfg = Release|Any CPU
		{B113D75F-6761-48AD-BCD3-A41C39E97339}.Release|Any CPU.Build.0 = Release|Any CPU
	EndGlobalSection
	GlobalSection(SolutionProperties) = preSolution
		HideSolutionNode = FALSE
	EndGlobalSection
	GlobalSection(NestedProjects) = preSolution
		{4EAD8F3E-9D3C-4ABC-8FAE-471D24F28C4F} = {676AC07F-B942-4F7B-8E25-1F1F74F7AD42}
		{C5A5186D-6F8E-4BB9-AF0E-74F0993B48DA} = {676AC07F-B942-4F7B-8E25-1F1F74F7AD42}
		{C4F32215-EFAD-45C9-8276-6126681C3589} = {676AC07F-B942-4F7B-8E25-1F1F74F7AD42}
		{AE236D53-F634-41CC-A35A-B8E8B37B9640} = {676AC07F-B942-4F7B-8E25-1F1F74F7AD42}
		{347E47E5-3132-4BAD-B935-8282A2B16CF5} = {4EAD8F3E-9D3C-4ABC-8FAE-471D24F28C4F}
		{7389239B-564D-4398-87B7-99D9999ABECB} = {4EAD8F3E-9D3C-4ABC-8FAE-471D24F28C4F}
		{AF3A1665-74B6-4A34-A795-64A1914AF749} = {AE236D53-F634-41CC-A35A-B8E8B37B9640}
		{B113D75F-6761-48AD-BCD3-A41C39E97339} = {AE236D53-F634-41CC-A35A-B8E8B37B9640}
	EndGlobalSection
EndGlobal
