
Microsoft Visual Studio Solution File, Format Version 12.00
# Visual Studio 2012
Project("{2150E333-8FDC-42A3-9474-1A3956D46DE8}") = "Source", "Source", "{676AC07F-B942-4F7B-8E25-1F1F74F7AD42}"
EndProject
Project("{2150E333-8FDC-42A3-9474-1A3956D46DE8}") = "Tests", "Tests", "{0BBEF6BA-66E1-47D3-9411-4003B1D60556}"
EndProject
Project("{2150E333-8FDC-42A3-9474-1A3956D46DE8}") = "Kooboo", "Kooboo", "{4EAD8F3E-9D3C-4ABC-8FAE-471D24F28C4F}"
EndProject
Project("{FAE04EC0-301F-11D3-BF4B-00C04F79EFBC}") = "Kooboo", "..\..\Kooboo\Kooboo.csproj", "{347E47E5-3132-4BAD-B935-8282A2B16CF5}"
EndProject
Project("{FAE04EC0-301F-11D3-BF4B-00C04F79EFBC}") = "Kooboo.CMS.Content", "Kooboo.CMS.Content\Kooboo.CMS.Content.csproj", "{C5A5186D-6F8E-4BB9-AF0E-74F0993B48DA}"
EndProject
Project("{2150E333-8FDC-42A3-9474-1A3956D46DE8}") = "Solution Items", "Solution Items", "{0BEB8B36-7C89-4C9D-9DE3-AC0EFB6983FB}"
	ProjectSection(SolutionItems) = preProject
		Kooboo.CMS.Content.vsmdi = Kooboo.CMS.Content.vsmdi
		Local.testsettings = Local.testsettings
		TraceAndTestImpact.testsettings = TraceAndTestImpact.testsettings
	EndProjectSection
EndProject
Project("{FAE04EC0-301F-11D3-BF4B-00C04F79EFBC}") = "Kooboo.Connect", "..\..\Kooboo.Connect\Kooboo.Connect.csproj", "{7389239B-564D-4398-87B7-99D9999ABECB}"
EndProject
Project("{FAE04EC0-301F-11D3-BF4B-00C04F79EFBC}") = "Kooboo.CMS.Content.Persistence.MongoDB", "Kooboo.CMS.Content.Persistence.MongoDB\Kooboo.CMS.Content.Persistence.MongoDB.csproj", "{1099E7A5-D54F-4C03-958F-BF835F6A8E96}"
EndProject
Project("{FAE04EC0-301F-11D3-BF4B-00C04F79EFBC}") = "Kooboo.CMS.Content.Persistence.Sqlce", "Kooboo.CMS.Content.Persistence.Sqlce\Kooboo.CMS.Content.Persistence.Sqlce.csproj", "{59542D3A-9B97-48E6-B6CD-019579E7E8F2}"
EndProject
Project("{FAE04EC0-301F-11D3-BF4B-00C04F79EFBC}") = "Kooboo.CMS.Content.Persistence.SqlServer", "Kooboo.CMS.Content.Persistence.SqlServer\Kooboo.CMS.Content.Persistence.SqlServer.csproj", "{94D67EB4-F6C8-4C29-BA1D-1496C03F7EF6}"
EndProject
Project("{FAE04EC0-301F-11D3-BF4B-00C04F79EFBC}") = "Kooboo.CMS.Content.Persistence.MongoDB.Tests", "Kooboo.CMS.Content.Persistence.MongoDB.Tests\Kooboo.CMS.Content.Persistence.MongoDB.Tests.csproj", "{DE36B7F2-C1B8-4375-8748-E1FB04501C32}"
EndProject
Project("{FAE04EC0-301F-11D3-BF4B-00C04F79EFBC}") = "Kooboo.CMS.Content.Persistence.Sqlce.Tests", "Kooboo.CMS.Content.Persistence.Sqlce.Tests\Kooboo.CMS.Content.Persistence.Sqlce.Tests.csproj", "{08BAAD58-C80C-485D-A547-135219C97F67}"
EndProject
Project("{FAE04EC0-301F-11D3-BF4B-00C04F79EFBC}") = "Kooboo.CMS.Content.Persistence.SqlServer.Tests", "Kooboo.CMS.Content.Persistence.SqlServer.Tests\Kooboo.CMS.Content.Persistence.SqlServer.Tests.csproj", "{6850A0D6-8BAD-4412-9780-955E88B6A8D2}"
EndProject
Project("{FAE04EC0-301F-11D3-BF4B-00C04F79EFBC}") = "Kooboo.CMS.Form", "..\Kooboo.CMS.Form\Kooboo.CMS.Form.csproj", "{C4F32215-EFAD-45C9-8276-6126681C3589}"
EndProject
Project("{FAE04EC0-301F-11D3-BF4B-00C04F79EFBC}") = "Kooboo.CMS.Content.Tests", "Kooboo.CMS.Content.Tests\Kooboo.CMS.Content.Tests.csproj", "{D2CDBA37-EADD-4F07-B8E9-5D156E552F79}"
EndProject
Project("{FAE04EC0-301F-11D3-BF4B-00C04F79EFBC}") = "Kooboo.CMS.Content.Persistence.Mysql", "Kooboo.CMS.Content.Persistence.Mysql\Kooboo.CMS.Content.Persistence.Mysql.csproj", "{F7196F5C-A9BD-4D38-8F07-E3992A98A1E7}"
EndProject
Project("{FAE04EC0-301F-11D3-BF4B-00C04F79EFBC}") = "Kooboo.CMS.Content.Persistence.Mysql.Tests", "Kooboo.CMS.Content.Persistence.Mysql.Tests\Kooboo.CMS.Content.Persistence.Mysql.Tests.csproj", "{FF284ACF-5818-474C-8F66-E210768FD435}"
EndProject
Project("{FAE04EC0-301F-11D3-BF4B-00C04F79EFBC}") = "Kooboo.CMS.Content.Persistence.AzureBlobService", "Kooboo.CMS.Content.Persistence.AzureBlobService\Kooboo.CMS.Content.Persistence.AzureBlobService.csproj", "{0CFBFE16-8413-4D71-B876-7EA8448E3AEB}"
EndProject
Project("{FAE04EC0-301F-11D3-BF4B-00C04F79EFBC}") = "Kooboo.CMS.Content.Persistence.AzureBlobService.Tests", "Kooboo.CMS.Content.Persistence.AzureBlobService.Tests\Kooboo.CMS.Content.Persistence.AzureBlobService.Tests.csproj", "{A2C9C4D1-8F1E-4663-A829-0FFBEBE6BF6E}"
EndProject
Project("{FAE04EC0-301F-11D3-BF4B-00C04F79EFBC}") = "Kooboo.CMS.Common", "..\Kooboo.CMS.Common\Kooboo.CMS.Common.csproj", "{AB6DDE14-EEB6-4497-80A0-D148A0A692B5}"
EndProject
Global
	GlobalSection(TestCaseManagementSettings) = postSolution
		CategoryFile = Kooboo.CMS.Content.vsmdi
	EndGlobalSection
	GlobalSection(SolutionConfigurationPlatforms) = preSolution
		Debug|Any CPU = Debug|Any CPU
		Release|Any CPU = Release|Any CPU
	EndGlobalSection
	GlobalSection(ProjectConfigurationPlatforms) = postSolution
		{347E47E5-3132-4BAD-B935-8282A2B16CF5}.Debug|Any CPU.ActiveCfg = Debug|Any CPU
		{347E47E5-3132-4BAD-B935-8282A2B16CF5}.Debug|Any CPU.Build.0 = Debug|Any CPU
		{347E47E5-3132-4BAD-B935-8282A2B16CF5}.Release|Any CPU.ActiveCfg = Release|Any CPU
		{347E47E5-3132-4BAD-B935-8282A2B16CF5}.Release|Any CPU.Build.0 = Release|Any CPU
		{C5A5186D-6F8E-4BB9-AF0E-74F0993B48DA}.Debug|Any CPU.ActiveCfg = Debug|Any CPU
		{C5A5186D-6F8E-4BB9-AF0E-74F0993B48DA}.Debug|Any CPU.Build.0 = Debug|Any CPU
		{C5A5186D-6F8E-4BB9-AF0E-74F0993B48DA}.Release|Any CPU.ActiveCfg = Release|Any CPU
		{C5A5186D-6F8E-4BB9-AF0E-74F0993B48DA}.Release|Any CPU.Build.0 = Release|Any CPU
		{7389239B-564D-4398-87B7-99D9999ABECB}.Debug|Any CPU.ActiveCfg = Debug|Any CPU
		{7389239B-564D-4398-87B7-99D9999ABECB}.Debug|Any CPU.Build.0 = Debug|Any CPU
		{7389239B-564D-4398-87B7-99D9999ABECB}.Release|Any CPU.ActiveCfg = Release|Any CPU
		{7389239B-564D-4398-87B7-99D9999ABECB}.Release|Any CPU.Build.0 = Release|Any CPU
		{1099E7A5-D54F-4C03-958F-BF835F6A8E96}.Debug|Any CPU.ActiveCfg = Debug|Any CPU
		{1099E7A5-D54F-4C03-958F-BF835F6A8E96}.Debug|Any CPU.Build.0 = Debug|Any CPU
		{1099E7A5-D54F-4C03-958F-BF835F6A8E96}.Release|Any CPU.ActiveCfg = Release|Any CPU
		{1099E7A5-D54F-4C03-958F-BF835F6A8E96}.Release|Any CPU.Build.0 = Release|Any CPU
		{59542D3A-9B97-48E6-B6CD-019579E7E8F2}.Debug|Any CPU.ActiveCfg = Debug|Any CPU
		{59542D3A-9B97-48E6-B6CD-019579E7E8F2}.Debug|Any CPU.Build.0 = Debug|Any CPU
		{59542D3A-9B97-48E6-B6CD-019579E7E8F2}.Release|Any CPU.ActiveCfg = Release|Any CPU
		{59542D3A-9B97-48E6-B6CD-019579E7E8F2}.Release|Any CPU.Build.0 = Release|Any CPU
		{94D67EB4-F6C8-4C29-BA1D-1496C03F7EF6}.Debug|Any CPU.ActiveCfg = Debug|Any CPU
		{94D67EB4-F6C8-4C29-BA1D-1496C03F7EF6}.Debug|Any CPU.Build.0 = Debug|Any CPU
		{94D67EB4-F6C8-4C29-BA1D-1496C03F7EF6}.Release|Any CPU.ActiveCfg = Release|Any CPU
		{94D67EB4-F6C8-4C29-BA1D-1496C03F7EF6}.Release|Any CPU.Build.0 = Release|Any CPU
		{DE36B7F2-C1B8-4375-8748-E1FB04501C32}.Debug|Any CPU.ActiveCfg = Debug|Any CPU
		{DE36B7F2-C1B8-4375-8748-E1FB04501C32}.Debug|Any CPU.Build.0 = Debug|Any CPU
		{DE36B7F2-C1B8-4375-8748-E1FB04501C32}.Release|Any CPU.ActiveCfg = Release|Any CPU
		{DE36B7F2-C1B8-4375-8748-E1FB04501C32}.Release|Any CPU.Build.0 = Release|Any CPU
		{08BAAD58-C80C-485D-A547-135219C97F67}.Debug|Any CPU.ActiveCfg = Debug|Any CPU
		{08BAAD58-C80C-485D-A547-135219C97F67}.Debug|Any CPU.Build.0 = Debug|Any CPU
		{08BAAD58-C80C-485D-A547-135219C97F67}.Release|Any CPU.ActiveCfg = Release|Any CPU
		{08BAAD58-C80C-485D-A547-135219C97F67}.Release|Any CPU.Build.0 = Release|Any CPU
		{6850A0D6-8BAD-4412-9780-955E88B6A8D2}.Debug|Any CPU.ActiveCfg = Debug|Any CPU
		{6850A0D6-8BAD-4412-9780-955E88B6A8D2}.Debug|Any CPU.Build.0 = Debug|Any CPU
		{6850A0D6-8BAD-4412-9780-955E88B6A8D2}.Release|Any CPU.ActiveCfg = Release|Any CPU
		{6850A0D6-8BAD-4412-9780-955E88B6A8D2}.Release|Any CPU.Build.0 = Release|Any CPU
		{C4F32215-EFAD-45C9-8276-6126681C3589}.Debug|Any CPU.ActiveCfg = Debug|Any CPU
		{C4F32215-EFAD-45C9-8276-6126681C3589}.Debug|Any CPU.Build.0 = Debug|Any CPU
		{C4F32215-EFAD-45C9-8276-6126681C3589}.Release|Any CPU.ActiveCfg = Release|Any CPU
		{C4F32215-EFAD-45C9-8276-6126681C3589}.Release|Any CPU.Build.0 = Release|Any CPU
		{D2CDBA37-EADD-4F07-B8E9-5D156E552F79}.Debug|Any CPU.ActiveCfg = Debug|Any CPU
		{D2CDBA37-EADD-4F07-B8E9-5D156E552F79}.Debug|Any CPU.Build.0 = Debug|Any CPU
		{D2CDBA37-EADD-4F07-B8E9-5D156E552F79}.Release|Any CPU.ActiveCfg = Release|Any CPU
		{D2CDBA37-EADD-4F07-B8E9-5D156E552F79}.Release|Any CPU.Build.0 = Release|Any CPU
		{F7196F5C-A9BD-4D38-8F07-E3992A98A1E7}.Debug|Any CPU.ActiveCfg = Debug|Any CPU
		{F7196F5C-A9BD-4D38-8F07-E3992A98A1E7}.Debug|Any CPU.Build.0 = Debug|Any CPU
		{F7196F5C-A9BD-4D38-8F07-E3992A98A1E7}.Release|Any CPU.ActiveCfg = Release|Any CPU
		{F7196F5C-A9BD-4D38-8F07-E3992A98A1E7}.Release|Any CPU.Build.0 = Release|Any CPU
		{FF284ACF-5818-474C-8F66-E210768FD435}.Debug|Any CPU.ActiveCfg = Debug|Any CPU
		{FF284ACF-5818-474C-8F66-E210768FD435}.Debug|Any CPU.Build.0 = Debug|Any CPU
		{FF284ACF-5818-474C-8F66-E210768FD435}.Release|Any CPU.ActiveCfg = Release|Any CPU
		{FF284ACF-5818-474C-8F66-E210768FD435}.Release|Any CPU.Build.0 = Release|Any CPU
		{0CFBFE16-8413-4D71-B876-7EA8448E3AEB}.Debug|Any CPU.ActiveCfg = Debug|Any CPU
		{0CFBFE16-8413-4D71-B876-7EA8448E3AEB}.Debug|Any CPU.Build.0 = Debug|Any CPU
		{0CFBFE16-8413-4D71-B876-7EA8448E3AEB}.Release|Any CPU.ActiveCfg = Release|Any CPU
		{0CFBFE16-8413-4D71-B876-7EA8448E3AEB}.Release|Any CPU.Build.0 = Release|Any CPU
		{A2C9C4D1-8F1E-4663-A829-0FFBEBE6BF6E}.Debug|Any CPU.ActiveCfg = Debug|Any CPU
		{A2C9C4D1-8F1E-4663-A829-0FFBEBE6BF6E}.Debug|Any CPU.Build.0 = Debug|Any CPU
		{A2C9C4D1-8F1E-4663-A829-0FFBEBE6BF6E}.Release|Any CPU.ActiveCfg = Release|Any CPU
		{A2C9C4D1-8F1E-4663-A829-0FFBEBE6BF6E}.Release|Any CPU.Build.0 = Release|Any CPU
		{AB6DDE14-EEB6-4497-80A0-D148A0A692B5}.Debug|Any CPU.ActiveCfg = Debug|Any CPU
		{AB6DDE14-EEB6-4497-80A0-D148A0A692B5}.Debug|Any CPU.Build.0 = Debug|Any CPU
		{AB6DDE14-EEB6-4497-80A0-D148A0A692B5}.Release|Any CPU.ActiveCfg = Release|Any CPU
		{AB6DDE14-EEB6-4497-80A0-D148A0A692B5}.Release|Any CPU.Build.0 = Release|Any CPU
	EndGlobalSection
	GlobalSection(SolutionProperties) = preSolution
		HideSolutionNode = FALSE
	EndGlobalSection
	GlobalSection(NestedProjects) = preSolution
		{4EAD8F3E-9D3C-4ABC-8FAE-471D24F28C4F} = {676AC07F-B942-4F7B-8E25-1F1F74F7AD42}
		{C5A5186D-6F8E-4BB9-AF0E-74F0993B48DA} = {676AC07F-B942-4F7B-8E25-1F1F74F7AD42}
		{1099E7A5-D54F-4C03-958F-BF835F6A8E96} = {676AC07F-B942-4F7B-8E25-1F1F74F7AD42}
		{59542D3A-9B97-48E6-B6CD-019579E7E8F2} = {676AC07F-B942-4F7B-8E25-1F1F74F7AD42}
		{94D67EB4-F6C8-4C29-BA1D-1496C03F7EF6} = {676AC07F-B942-4F7B-8E25-1F1F74F7AD42}
		{C4F32215-EFAD-45C9-8276-6126681C3589} = {676AC07F-B942-4F7B-8E25-1F1F74F7AD42}
		{F7196F5C-A9BD-4D38-8F07-E3992A98A1E7} = {676AC07F-B942-4F7B-8E25-1F1F74F7AD42}
		{0CFBFE16-8413-4D71-B876-7EA8448E3AEB} = {676AC07F-B942-4F7B-8E25-1F1F74F7AD42}
		{AB6DDE14-EEB6-4497-80A0-D148A0A692B5} = {676AC07F-B942-4F7B-8E25-1F1F74F7AD42}
		{0BEB8B36-7C89-4C9D-9DE3-AC0EFB6983FB} = {0BBEF6BA-66E1-47D3-9411-4003B1D60556}
		{DE36B7F2-C1B8-4375-8748-E1FB04501C32} = {0BBEF6BA-66E1-47D3-9411-4003B1D60556}
		{08BAAD58-C80C-485D-A547-135219C97F67} = {0BBEF6BA-66E1-47D3-9411-4003B1D60556}
		{6850A0D6-8BAD-4412-9780-955E88B6A8D2} = {0BBEF6BA-66E1-47D3-9411-4003B1D60556}
		{D2CDBA37-EADD-4F07-B8E9-5D156E552F79} = {0BBEF6BA-66E1-47D3-9411-4003B1D60556}
		{FF284ACF-5818-474C-8F66-E210768FD435} = {0BBEF6BA-66E1-47D3-9411-4003B1D60556}
		{A2C9C4D1-8F1E-4663-A829-0FFBEBE6BF6E} = {0BBEF6BA-66E1-47D3-9411-4003B1D60556}
		{347E47E5-3132-4BAD-B935-8282A2B16CF5} = {4EAD8F3E-9D3C-4ABC-8FAE-471D24F28C4F}
		{7389239B-564D-4398-87B7-99D9999ABECB} = {4EAD8F3E-9D3C-4ABC-8FAE-471D24F28C4F}
	EndGlobalSection
EndGlobal
